{
    "version": 3,
    "terraform_version": "0.11.7",
    "serial": 1,
    "lineage": "a17911c8-0744-6f05-da35-2eadc4d5661f",
    "modules": [
        {
            "path": [
                "root"
            ],
            "outputs": {
                "AppDNSTarget": {
                    "sensitive": false,
                    "type": "string",
                    "value": "mgag-apps-2717d86ab09bdaa3.elb.us-west-2.amazonaws.com"
                },
                "DTRDNSTarget": {
                    "sensitive": false,
                    "type": "list",
                    "value": [
                        "mgag-dtr-4f6012d2049be9eb.elb.us-west-2.amazonaws.com"
                    ]
                },
                "KubeDNSTarget": {
                    "sensitive": false,
                    "type": "list",
                    "value": [
                        "mgag-k8s-7740a884a5b5f906.elb.us-west-2.amazonaws.com"
                    ]
                },
                "UCPDNSTarget": {
                    "sensitive": false,
                    "type": "string",
                    "value": "mgag-ucp-f7295da70e433929.elb.us-west-2.amazonaws.com"
                }
            },
            "resources": {
                "aws_iam_instance_profile.dci_instance_profile": {
                    "type": "aws_iam_instance_profile",
                    "depends_on": [
                        "aws_iam_role.dci_iam_role"
                    ],
                    "primary": {
                        "id": "mgag_dci_instance_profile",
                        "attributes": {
                            "arn": "arn:aws:iam::546848686991:instance-profile/mgag_dci_instance_profile",
                            "create_date": "2018-10-11T20:02:17Z",
                            "id": "mgag_dci_instance_profile",
                            "name": "mgag_dci_instance_profile",
                            "path": "/",
                            "role": "mgag_dci_iam_role",
                            "roles.#": "0",
                            "unique_id": "AIPAI7CXG3NFSCGN4UQTY"
                        },
                        "meta": {},
                        "tainted": false
                    },
                    "deposed": [],
                    "provider": "provider.aws"
                },
                "aws_iam_role.dci_iam_role": {
                    "type": "aws_iam_role",
                    "depends_on": [],
                    "primary": {
                        "id": "mgag_dci_iam_role",
                        "attributes": {
                            "arn": "arn:aws:iam::546848686991:role/mgag_dci_iam_role",
                            "assume_role_policy": "{\"Version\":\"2012-10-17\",\"Statement\":[{\"Sid\":\"\",\"Effect\":\"Allow\",\"Principal\":{\"Service\":\"ec2.amazonaws.com\"},\"Action\":\"sts:AssumeRole\"}]}",
                            "create_date": "2018-10-11T20:02:16Z",
                            "description": "",
                            "force_detach_policies": "false",
                            "id": "mgag_dci_iam_role",
                            "max_session_duration": "3600",
                            "name": "mgag_dci_iam_role",
                            "path": "/",
                            "unique_id": "AROAJ2AGA7H4BZHAIONYW"
                        },
                        "meta": {},
                        "tainted": false
                    },
                    "deposed": [],
                    "provider": "provider.aws"
                },
                "aws_iam_role_policy.dci_iam_role_policy": {
                    "type": "aws_iam_role_policy",
                    "depends_on": [
                        "aws_iam_role.dci_iam_role",
                        "aws_s3_bucket.dtr_storage_bucket.*"
                    ],
                    "primary": {
                        "id": "mgag_dci_iam_role:mgag_dci_iam_role_policy",
                        "attributes": {
                            "id": "mgag_dci_iam_role:mgag_dci_iam_role_policy",
                            "name": "mgag_dci_iam_role_policy",
                            "policy": "{\n  \"Version\": \"2012-10-17\",\n  \"Statement\": [\n    {\n      \"Effect\": \"Allow\",\n      \"Action\": [\n        \"ec2:CreateTags\",\n        \"ec2:DescribeTags\",\n\n        \"ec2:CreateSnapshot\",\n        \"ec2:DeleteSnapshot\",\n        \"ec2:DescribeSnapshots\",\n\n        \"ec2:CreateVolume\",\n        \"ec2:DeleteVolume\",\n        \"ec2:DescribeVolumes\",\n        \"ec2:AttachVolume\",\n        \"ec2:DetachVolume\",\n\n        \"logs:CreateLogStream\",\n        \"logs:PutLogEvents\",\n        \"cloudwatch:PutMetricData\"\n      ],\n      \"Resource\": \"*\"\n    },\n    {\n      \"Effect\": \"Allow\",\n      \"Action\": [\n        \"s3:ListBucket\",\n        \"s3:GetBucketLocation\",\n        \"s3:ListAllMyBuckets\",\n        \"s3:ListBucketMultipartUploads\"\n       ],\n      \"Resource\": [\"arn:aws:s3:::mgag-dtrstorage-20181011200216503400000001\"]\n    },\n    {\n      \"Effect\": \"Allow\",\n      \"Action\": [\n        \"s3:GetObject\",\n        \"s3:PutObject\",\n        \"s3:DeleteObject\",\n        \"s3:ListMultipartUploadParts\",\n        \"s3:AbortMultipartUpload\"\n      ],\n      \"Resource\": [\"arn:aws:s3:::mgag-dtrstorage-20181011200216503400000001/*\"]\n    }\n  ]\n}\n",
                            "role": "mgag_dci_iam_role"
                        },
                        "meta": {},
                        "tainted": false
                    },
                    "deposed": [],
                    "provider": "provider.aws"
                },
                "aws_iam_role_policy.dci_kube_manager": {
                    "type": "aws_iam_role_policy",
                    "depends_on": [
                        "aws_iam_role.dci_iam_role"
                    ],
                    "primary": {
                        "id": "mgag_dci_iam_role:mgag_kube_manager",
                        "attributes": {
                            "id": "mgag_dci_iam_role:mgag_kube_manager",
                            "name": "mgag_kube_manager",
                            "policy": "{\n  \"Version\": \"2012-10-17\",\n  \"Statement\": [\n    {\n      \"Effect\": \"Allow\",\n      \"Action\": [ \"ec2:*\" ],\n      \"Resource\": [ \"*\" ]\n    },\n    {\n      \"Effect\": \"Allow\",\n      \"Action\": [ \"elasticloadbalancing:*\" ],\n      \"Resource\": [ \"*\" ]\n    },\n    {\n      \"Effect\": \"Allow\",\n      \"Action\": [ \"route53:*\" ],\n      \"Resource\": [ \"*\" ]\n    },\n    {\n      \"Effect\": \"Allow\",\n      \"Action\": \"s3:*\",\n      \"Resource\": [ \"arn:aws:s3:::kubernetes-*\" ]\n    }\n  ]\n}\n",
                            "role": "mgag_dci_iam_role"
                        },
                        "meta": {},
                        "tainted": false
                    },
                    "deposed": [],
                    "provider": "provider.aws"
                },
                "aws_iam_role_policy.dci_kube_worker": {
                    "type": "aws_iam_role_policy",
                    "depends_on": [
                        "aws_iam_role.dci_iam_role"
                    ],
                    "primary": {
                        "id": "mgag_dci_iam_role:mgag_kube_worker",
                        "attributes": {
                            "id": "mgag_dci_iam_role:mgag_kube_worker",
                            "name": "mgag_kube_worker",
                            "policy": "{\n  \"Version\": \"2012-10-17\",\n  \"Statement\": [\n    {\n      \"Effect\": \"Allow\",\n      \"Action\": \"s3:*\",\n      \"Resource\": [ \"arn:aws:s3:::kubernetes-*\" ]\n    },\n    {\n      \"Effect\": \"Allow\",\n      \"Action\": \"ec2:Describe*\",\n      \"Resource\": \"*\"\n    },\n    {\n      \"Effect\": \"Allow\",\n      \"Action\": \"ec2:AttachVolume\",\n      \"Resource\": \"*\"\n    },\n    {\n      \"Effect\": \"Allow\",\n      \"Action\": \"ec2:DetachVolume\",\n      \"Resource\": \"*\"\n    },\n    {\n      \"Effect\": \"Allow\",\n      \"Action\": [ \"route53:*\" ],\n      \"Resource\": [ \"*\" ]\n    }\n  ]\n}\n",
                            "role": "mgag_dci_iam_role"
                        },
                        "meta": {},
                        "tainted": false
                    },
                    "deposed": [],
                    "provider": "provider.aws"
                },
                "aws_instance.ucp_manager_linux": {
                    "type": "aws_instance",
                    "depends_on": [
                        "aws_iam_instance_profile.dci_instance_profile",
                        "aws_route.internet_access",
                        "aws_security_group.ee",
                        "aws_subnet.pubsubnet.*",
                        "data.aws_ami.linux_ami",
                        "local.enable_kubernetes_cloud_provider",
                        "local.kubernetes_tags"
                    ],
                    "primary": {
                        "id": "i-0dc78492b42702fa5",
                        "attributes": {
                            "ami": "ami-0e7f51c052c677724",
                            "arn": "arn:aws:ec2:us-west-2:546848686991:instance/i-0dc78492b42702fa5",
                            "associate_public_ip_address": "true",
                            "availability_zone": "us-west-2a",
                            "cpu_core_count": "2",
                            "cpu_threads_per_core": "2",
                            "credit_specification.#": "1",
                            "credit_specification.0.cpu_credits": "standard",
                            "disable_api_termination": "false",
                            "ebs_block_device.#": "1",
                            "ebs_block_device.3905984573.delete_on_termination": "true",
                            "ebs_block_device.3905984573.device_name": "/dev/xvdb",
                            "ebs_block_device.3905984573.encrypted": "false",
                            "ebs_block_device.3905984573.iops": "300",
                            "ebs_block_device.3905984573.snapshot_id": "",
                            "ebs_block_device.3905984573.volume_id": "vol-0b694886679a87767",
                            "ebs_block_device.3905984573.volume_size": "100",
                            "ebs_block_device.3905984573.volume_type": "gp2",
                            "ebs_optimized": "false",
                            "ephemeral_block_device.#": "0",
                            "get_password_data": "false",
                            "iam_instance_profile": "mgag_dci_instance_profile",
                            "id": "i-0dc78492b42702fa5",
                            "instance_state": "running",
                            "instance_type": "m4.xlarge",
                            "ipv6_addresses.#": "0",
                            "key_name": "mast-martin",
                            "monitoring": "false",
                            "network_interface.#": "0",
                            "network_interface_id": "eni-0676342658df7fb7d",
                            "password_data": "",
                            "placement_group": "",
                            "primary_network_interface_id": "eni-0676342658df7fb7d",
                            "private_dns": "ip-172-31-3-138.us-west-2.compute.internal",
                            "private_ip": "172.31.3.138",
                            "public_dns": "ec2-54-202-38-187.us-west-2.compute.amazonaws.com",
                            "public_ip": "54.202.38.187",
                            "root_block_device.#": "1",
                            "root_block_device.0.delete_on_termination": "false",
                            "root_block_device.0.iops": "0",
                            "root_block_device.0.volume_id": "vol-08503f2a3a53259b7",
                            "root_block_device.0.volume_size": "40",
                            "root_block_device.0.volume_type": "standard",
                            "security_groups.#": "0",
                            "source_dest_check": "true",
                            "subnet_id": "subnet-0ad1577c7a29ba201",
                            "tags.%": "9",
                            "tags.Name": "mgag-Manager-Linux-1",
                            "tags.expiry": "2018-10-14T20:02:09Z",
                            "tags.mast": "true",
                            "tags.mast.buildTime": "2018-09-21T18:08:08+0000",
                            "tags.mast.commit": "d452e34b5ce037cbf2052996c26854913211913d",
                            "tags.mast.isDevelopment": "false",
                            "tags.systemName": "mgag",
                            "tags.user.arch": "amd64",
                            "tags.user.os": "linux",
                            "tenancy": "default",
                            "user_data": "e68c2a421842ed7ecf74681263c5bfbadb38fef7",
                            "volume_tags.%": "0",
                            "vpc_security_group_ids.#": "1",
                            "vpc_security_group_ids.1971953669": "sg-0c20765c282c1530c"
                        },
                        "meta": {
                            "e2bfb730-ecaa-11e6-8f88-34363bc7c4c0": {
                                "create": 600000000000,
                                "delete": 1200000000000,
                                "update": 600000000000
                            },
                            "schema_version": "1"
                        },
                        "tainted": false
                    },
                    "deposed": [],
                    "provider": "provider.aws"
                },
                "aws_instance.ucp_worker_dtr": {
                    "type": "aws_instance",
                    "depends_on": [
                        "aws_iam_instance_profile.dci_instance_profile",
                        "aws_route.internet_access",
                        "aws_security_group.ee",
                        "aws_subnet.pubsubnet.*",
                        "data.aws_ami.linux_ami",
                        "local.enable_kubernetes_cloud_provider",
                        "local.kubernetes_tags"
                    ],
                    "primary": {
                        "id": "i-0a8d5c7224a6f4716",
                        "attributes": {
                            "ami": "ami-0e7f51c052c677724",
                            "arn": "arn:aws:ec2:us-west-2:546848686991:instance/i-0a8d5c7224a6f4716",
                            "associate_public_ip_address": "true",
                            "availability_zone": "us-west-2a",
                            "cpu_core_count": "2",
                            "cpu_threads_per_core": "2",
                            "credit_specification.#": "1",
                            "credit_specification.0.cpu_credits": "standard",
                            "disable_api_termination": "false",
                            "ebs_block_device.#": "1",
                            "ebs_block_device.3905984573.delete_on_termination": "true",
                            "ebs_block_device.3905984573.device_name": "/dev/xvdb",
                            "ebs_block_device.3905984573.encrypted": "false",
                            "ebs_block_device.3905984573.iops": "300",
                            "ebs_block_device.3905984573.snapshot_id": "",
                            "ebs_block_device.3905984573.volume_id": "vol-0150ca7932d02318a",
                            "ebs_block_device.3905984573.volume_size": "100",
                            "ebs_block_device.3905984573.volume_type": "gp2",
                            "ebs_optimized": "false",
                            "ephemeral_block_device.#": "0",
                            "get_password_data": "false",
                            "iam_instance_profile": "mgag_dci_instance_profile",
                            "id": "i-0a8d5c7224a6f4716",
                            "instance_state": "running",
                            "instance_type": "m4.xlarge",
                            "ipv6_addresses.#": "0",
                            "key_name": "mast-martin",
                            "monitoring": "false",
                            "network_interface.#": "0",
                            "network_interface_id": "eni-0aaf28b8da5c7648f",
                            "password_data": "",
                            "placement_group": "",
                            "primary_network_interface_id": "eni-0aaf28b8da5c7648f",
                            "private_dns": "ip-172-31-13-221.us-west-2.compute.internal",
                            "private_ip": "172.31.13.221",
                            "public_dns": "ec2-54-214-205-186.us-west-2.compute.amazonaws.com",
                            "public_ip": "54.214.205.186",
                            "root_block_device.#": "1",
                            "root_block_device.0.delete_on_termination": "false",
                            "root_block_device.0.iops": "0",
                            "root_block_device.0.volume_id": "vol-0030c6f02bfff9ff1",
                            "root_block_device.0.volume_size": "40",
                            "root_block_device.0.volume_type": "standard",
                            "security_groups.#": "0",
                            "source_dest_check": "true",
                            "subnet_id": "subnet-0ad1577c7a29ba201",
                            "tags.%": "9",
                            "tags.Name": "mgag-Worker-DTR-1",
                            "tags.expiry": "2018-10-14T20:02:09Z",
                            "tags.mast": "true",
                            "tags.mast.buildTime": "2018-09-21T18:08:08+0000",
                            "tags.mast.commit": "d452e34b5ce037cbf2052996c26854913211913d",
                            "tags.mast.isDevelopment": "false",
                            "tags.systemName": "mgag",
                            "tags.user.arch": "amd64",
                            "tags.user.os": "linux",
                            "tenancy": "default",
                            "user_data": "e68c2a421842ed7ecf74681263c5bfbadb38fef7",
                            "volume_tags.%": "0",
                            "vpc_security_group_ids.#": "1",
                            "vpc_security_group_ids.1971953669": "sg-0c20765c282c1530c"
                        },
                        "meta": {
                            "e2bfb730-ecaa-11e6-8f88-34363bc7c4c0": {
                                "create": 600000000000,
                                "delete": 1200000000000,
                                "update": 600000000000
                            },
                            "schema_version": "1"
                        },
                        "tainted": false
                    },
                    "deposed": [],
                    "provider": "provider.aws"
                },
                "aws_instance.ucp_worker_linux": {
                    "type": "aws_instance",
                    "depends_on": [
                        "aws_iam_instance_profile.dci_instance_profile",
                        "aws_route.internet_access",
                        "aws_security_group.ee",
                        "aws_subnet.pubsubnet.*",
                        "data.aws_ami.linux_ami",
                        "local.enable_kubernetes_cloud_provider",
                        "local.kubernetes_tags"
                    ],
                    "primary": {
                        "id": "i-04f15b776742630a8",
                        "attributes": {
                            "ami": "ami-0e7f51c052c677724",
                            "arn": "arn:aws:ec2:us-west-2:546848686991:instance/i-04f15b776742630a8",
                            "associate_public_ip_address": "true",
                            "availability_zone": "us-west-2a",
                            "cpu_core_count": "2",
                            "cpu_threads_per_core": "1",
                            "credit_specification.#": "1",
                            "credit_specification.0.cpu_credits": "standard",
                            "disable_api_termination": "false",
                            "ebs_block_device.#": "1",
                            "ebs_block_device.3905984573.delete_on_termination": "true",
                            "ebs_block_device.3905984573.device_name": "/dev/xvdb",
                            "ebs_block_device.3905984573.encrypted": "false",
                            "ebs_block_device.3905984573.iops": "100",
                            "ebs_block_device.3905984573.snapshot_id": "",
                            "ebs_block_device.3905984573.volume_id": "vol-04768c527c9a69a62",
                            "ebs_block_device.3905984573.volume_size": "20",
                            "ebs_block_device.3905984573.volume_type": "gp2",
                            "ebs_optimized": "false",
                            "ephemeral_block_device.#": "0",
                            "get_password_data": "false",
                            "iam_instance_profile": "mgag_dci_instance_profile",
                            "id": "i-04f15b776742630a8",
                            "instance_state": "running",
                            "instance_type": "t2.large",
                            "ipv6_addresses.#": "0",
                            "key_name": "mast-martin",
                            "monitoring": "false",
                            "network_interface.#": "0",
                            "network_interface_id": "eni-0da667c5b765d8efd",
                            "password_data": "",
                            "placement_group": "",
                            "primary_network_interface_id": "eni-0da667c5b765d8efd",
                            "private_dns": "ip-172-31-5-91.us-west-2.compute.internal",
                            "private_ip": "172.31.5.91",
                            "public_dns": "ec2-34-221-156-173.us-west-2.compute.amazonaws.com",
                            "public_ip": "34.221.156.173",
                            "root_block_device.#": "1",
                            "root_block_device.0.delete_on_termination": "false",
                            "root_block_device.0.iops": "0",
                            "root_block_device.0.volume_id": "vol-0dae0bcc2f9783a97",
                            "root_block_device.0.volume_size": "40",
                            "root_block_device.0.volume_type": "standard",
                            "security_groups.#": "0",
                            "source_dest_check": "true",
                            "subnet_id": "subnet-0ad1577c7a29ba201",
                            "tags.%": "9",
                            "tags.Name": "mgag-Worker-Linux-1",
                            "tags.expiry": "2018-10-14T20:02:09Z",
                            "tags.mast": "true",
                            "tags.mast.buildTime": "2018-09-21T18:08:08+0000",
                            "tags.mast.commit": "d452e34b5ce037cbf2052996c26854913211913d",
                            "tags.mast.isDevelopment": "false",
                            "tags.systemName": "mgag",
                            "tags.user.arch": "amd64",
                            "tags.user.os": "linux",
                            "tenancy": "default",
                            "user_data": "e68c2a421842ed7ecf74681263c5bfbadb38fef7",
                            "volume_tags.%": "0",
                            "vpc_security_group_ids.#": "1",
                            "vpc_security_group_ids.1971953669": "sg-0c20765c282c1530c"
                        },
                        "meta": {
                            "e2bfb730-ecaa-11e6-8f88-34363bc7c4c0": {
                                "create": 600000000000,
                                "delete": 1200000000000,
                                "update": 600000000000
                            },
                            "schema_version": "1"
                        },
                        "tainted": false
                    },
                    "deposed": [],
                    "provider": "provider.aws"
                },
                "aws_internet_gateway.igw": {
                    "type": "aws_internet_gateway",
                    "depends_on": [
                        "local.create_vpc",
                        "local.vpc_id"
                    ],
                    "primary": {
                        "id": "igw-02e4386b92dbe1d69",
                        "attributes": {
                            "id": "igw-02e4386b92dbe1d69",
                            "tags.%": "9",
                            "tags.Name": "InternetGateway",
                            "tags.expiry": "2018-10-14T20:02:09Z",
                            "tags.mast": "true",
                            "tags.mast.buildTime": "2018-09-21T18:08:08+0000",
                            "tags.mast.commit": "d452e34b5ce037cbf2052996c26854913211913d",
                            "tags.mast.isDevelopment": "false",
                            "tags.systemName": "mgag",
                            "tags.user.arch": "amd64",
                            "tags.user.os": "linux",
                            "vpc_id": "vpc-016b2bba9025d4502"
                        },
                        "meta": {},
                        "tainted": false
                    },
                    "deposed": [],
                    "provider": "provider.aws"
                },
                "aws_lb.apps": {
                    "type": "aws_lb",
                    "depends_on": [
                        "aws_internet_gateway.igw",
                        "aws_subnet.pubsubnet.*"
                    ],
                    "primary": {
                        "id": "arn:aws:elasticloadbalancing:us-west-2:546848686991:loadbalancer/net/mgag-apps/2717d86ab09bdaa3",
                        "attributes": {
                            "access_logs.#": "1",
                            "arn": "arn:aws:elasticloadbalancing:us-west-2:546848686991:loadbalancer/net/mgag-apps/2717d86ab09bdaa3",
                            "arn_suffix": "net/mgag-apps/2717d86ab09bdaa3",
                            "dns_name": "mgag-apps-2717d86ab09bdaa3.elb.us-west-2.amazonaws.com",
                            "enable_cross_zone_load_balancing": "true",
                            "enable_deletion_protection": "false",
                            "id": "arn:aws:elasticloadbalancing:us-west-2:546848686991:loadbalancer/net/mgag-apps/2717d86ab09bdaa3",
                            "internal": "false",
                            "ip_address_type": "ipv4",
                            "load_balancer_type": "network",
                            "name": "mgag-apps",
                            "security_groups.#": "0",
                            "subnet_mapping.#": "3",
                            "subnet_mapping.1096562405.allocation_id": "",
                            "subnet_mapping.1096562405.subnet_id": "subnet-0f1c08a1a148022d6",
                            "subnet_mapping.3618267127.allocation_id": "",
                            "subnet_mapping.3618267127.subnet_id": "subnet-036ee4ba2374f9204",
                            "subnet_mapping.433558312.allocation_id": "",
                            "subnet_mapping.433558312.subnet_id": "subnet-0ad1577c7a29ba201",
                            "subnets.#": "3",
                            "subnets.1462171040": "subnet-0f1c08a1a148022d6",
                            "subnets.2833738218": "subnet-036ee4ba2374f9204",
                            "subnets.3033475485": "subnet-0ad1577c7a29ba201",
                            "tags.%": "8",
                            "tags.expiry": "2018-10-14T20:02:09Z",
                            "tags.mast": "true",
                            "tags.mast.buildTime": "2018-09-21T18:08:08+0000",
                            "tags.mast.commit": "d452e34b5ce037cbf2052996c26854913211913d",
                            "tags.mast.isDevelopment": "false",
                            "tags.systemName": "mgag",
                            "tags.user.arch": "amd64",
                            "tags.user.os": "linux",
                            "vpc_id": "vpc-016b2bba9025d4502",
                            "zone_id": "Z18D5FSROUN65G"
                        },
                        "meta": {
                            "e2bfb730-ecaa-11e6-8f88-34363bc7c4c0": {
                                "create": 600000000000,
                                "delete": 600000000000,
                                "update": 600000000000
                            }
                        },
                        "tainted": false
                    },
                    "deposed": [],
                    "provider": "provider.aws"
                },
                "aws_lb.dtr": {
                    "type": "aws_lb",
                    "depends_on": [
                        "aws_internet_gateway.igw",
                        "aws_subnet.pubsubnet.*"
                    ],
                    "primary": {
                        "id": "arn:aws:elasticloadbalancing:us-west-2:546848686991:loadbalancer/net/mgag-dtr/4f6012d2049be9eb",
                        "attributes": {
                            "access_logs.#": "1",
                            "arn": "arn:aws:elasticloadbalancing:us-west-2:546848686991:loadbalancer/net/mgag-dtr/4f6012d2049be9eb",
                            "arn_suffix": "net/mgag-dtr/4f6012d2049be9eb",
                            "dns_name": "mgag-dtr-4f6012d2049be9eb.elb.us-west-2.amazonaws.com",
                            "enable_cross_zone_load_balancing": "true",
                            "enable_deletion_protection": "false",
                            "id": "arn:aws:elasticloadbalancing:us-west-2:546848686991:loadbalancer/net/mgag-dtr/4f6012d2049be9eb",
                            "internal": "false",
                            "ip_address_type": "ipv4",
                            "load_balancer_type": "network",
                            "name": "mgag-dtr",
                            "security_groups.#": "0",
                            "subnet_mapping.#": "3",
                            "subnet_mapping.1096562405.allocation_id": "",
                            "subnet_mapping.1096562405.subnet_id": "subnet-0f1c08a1a148022d6",
                            "subnet_mapping.3618267127.allocation_id": "",
                            "subnet_mapping.3618267127.subnet_id": "subnet-036ee4ba2374f9204",
                            "subnet_mapping.433558312.allocation_id": "",
                            "subnet_mapping.433558312.subnet_id": "subnet-0ad1577c7a29ba201",
                            "subnets.#": "3",
                            "subnets.1462171040": "subnet-0f1c08a1a148022d6",
                            "subnets.2833738218": "subnet-036ee4ba2374f9204",
                            "subnets.3033475485": "subnet-0ad1577c7a29ba201",
                            "tags.%": "8",
                            "tags.expiry": "2018-10-14T20:02:09Z",
                            "tags.mast": "true",
                            "tags.mast.buildTime": "2018-09-21T18:08:08+0000",
                            "tags.mast.commit": "d452e34b5ce037cbf2052996c26854913211913d",
                            "tags.mast.isDevelopment": "false",
                            "tags.systemName": "mgag",
                            "tags.user.arch": "amd64",
                            "tags.user.os": "linux",
                            "vpc_id": "vpc-016b2bba9025d4502",
                            "zone_id": "Z18D5FSROUN65G"
                        },
                        "meta": {
                            "e2bfb730-ecaa-11e6-8f88-34363bc7c4c0": {
                                "create": 600000000000,
                                "delete": 600000000000,
                                "update": 600000000000
                            }
                        },
                        "tainted": false
                    },
                    "deposed": [],
                    "provider": "provider.aws"
                },
                "aws_lb.k8s": {
                    "type": "aws_lb",
                    "depends_on": [
                        "aws_internet_gateway.igw",
                        "aws_subnet.pubsubnet.*"
                    ],
                    "primary": {
                        "id": "arn:aws:elasticloadbalancing:us-west-2:546848686991:loadbalancer/net/mgag-k8s/7740a884a5b5f906",
                        "attributes": {
                            "access_logs.#": "1",
                            "arn": "arn:aws:elasticloadbalancing:us-west-2:546848686991:loadbalancer/net/mgag-k8s/7740a884a5b5f906",
                            "arn_suffix": "net/mgag-k8s/7740a884a5b5f906",
                            "dns_name": "mgag-k8s-7740a884a5b5f906.elb.us-west-2.amazonaws.com",
                            "enable_cross_zone_load_balancing": "true",
                            "enable_deletion_protection": "false",
                            "id": "arn:aws:elasticloadbalancing:us-west-2:546848686991:loadbalancer/net/mgag-k8s/7740a884a5b5f906",
                            "internal": "false",
                            "ip_address_type": "ipv4",
                            "load_balancer_type": "network",
                            "name": "mgag-k8s",
                            "security_groups.#": "0",
                            "subnet_mapping.#": "3",
                            "subnet_mapping.1096562405.allocation_id": "",
                            "subnet_mapping.1096562405.subnet_id": "subnet-0f1c08a1a148022d6",
                            "subnet_mapping.3618267127.allocation_id": "",
                            "subnet_mapping.3618267127.subnet_id": "subnet-036ee4ba2374f9204",
                            "subnet_mapping.433558312.allocation_id": "",
                            "subnet_mapping.433558312.subnet_id": "subnet-0ad1577c7a29ba201",
                            "subnets.#": "3",
                            "subnets.1462171040": "subnet-0f1c08a1a148022d6",
                            "subnets.2833738218": "subnet-036ee4ba2374f9204",
                            "subnets.3033475485": "subnet-0ad1577c7a29ba201",
                            "tags.%": "8",
                            "tags.expiry": "2018-10-14T20:02:09Z",
                            "tags.mast": "true",
                            "tags.mast.buildTime": "2018-09-21T18:08:08+0000",
                            "tags.mast.commit": "d452e34b5ce037cbf2052996c26854913211913d",
                            "tags.mast.isDevelopment": "false",
                            "tags.systemName": "mgag",
                            "tags.user.arch": "amd64",
                            "tags.user.os": "linux",
                            "vpc_id": "vpc-016b2bba9025d4502",
                            "zone_id": "Z18D5FSROUN65G"
                        },
                        "meta": {
                            "e2bfb730-ecaa-11e6-8f88-34363bc7c4c0": {
                                "create": 600000000000,
                                "delete": 600000000000,
                                "update": 600000000000
                            }
                        },
                        "tainted": false
                    },
                    "deposed": [],
                    "provider": "provider.aws"
                },
                "aws_lb.ucp": {
                    "type": "aws_lb",
                    "depends_on": [
                        "aws_internet_gateway.igw",
                        "aws_subnet.pubsubnet.*"
                    ],
                    "primary": {
                        "id": "arn:aws:elasticloadbalancing:us-west-2:546848686991:loadbalancer/net/mgag-ucp/f7295da70e433929",
                        "attributes": {
                            "access_logs.#": "1",
                            "arn": "arn:aws:elasticloadbalancing:us-west-2:546848686991:loadbalancer/net/mgag-ucp/f7295da70e433929",
                            "arn_suffix": "net/mgag-ucp/f7295da70e433929",
                            "dns_name": "mgag-ucp-f7295da70e433929.elb.us-west-2.amazonaws.com",
                            "enable_cross_zone_load_balancing": "true",
                            "enable_deletion_protection": "false",
                            "id": "arn:aws:elasticloadbalancing:us-west-2:546848686991:loadbalancer/net/mgag-ucp/f7295da70e433929",
                            "internal": "false",
                            "ip_address_type": "ipv4",
                            "load_balancer_type": "network",
                            "name": "mgag-ucp",
                            "security_groups.#": "0",
                            "subnet_mapping.#": "3",
                            "subnet_mapping.1096562405.allocation_id": "",
                            "subnet_mapping.1096562405.subnet_id": "subnet-0f1c08a1a148022d6",
                            "subnet_mapping.3618267127.allocation_id": "",
                            "subnet_mapping.3618267127.subnet_id": "subnet-036ee4ba2374f9204",
                            "subnet_mapping.433558312.allocation_id": "",
                            "subnet_mapping.433558312.subnet_id": "subnet-0ad1577c7a29ba201",
                            "subnets.#": "3",
                            "subnets.1462171040": "subnet-0f1c08a1a148022d6",
                            "subnets.2833738218": "subnet-036ee4ba2374f9204",
                            "subnets.3033475485": "subnet-0ad1577c7a29ba201",
                            "tags.%": "8",
                            "tags.expiry": "2018-10-14T20:02:09Z",
                            "tags.mast": "true",
                            "tags.mast.buildTime": "2018-09-21T18:08:08+0000",
                            "tags.mast.commit": "d452e34b5ce037cbf2052996c26854913211913d",
                            "tags.mast.isDevelopment": "false",
                            "tags.systemName": "mgag",
                            "tags.user.arch": "amd64",
                            "tags.user.os": "linux",
                            "vpc_id": "vpc-016b2bba9025d4502",
                            "zone_id": "Z18D5FSROUN65G"
                        },
                        "meta": {
                            "e2bfb730-ecaa-11e6-8f88-34363bc7c4c0": {
                                "create": 600000000000,
                                "delete": 600000000000,
                                "update": 600000000000
                            }
                        },
                        "tainted": false
                    },
                    "deposed": [],
                    "provider": "provider.aws"
                },
                "aws_lb_listener.apps_http": {
                    "type": "aws_lb_listener",
                    "depends_on": [
                        "aws_lb.apps",
                        "aws_lb_target_group.apps_http_targets"
                    ],
                    "primary": {
                        "id": "arn:aws:elasticloadbalancing:us-west-2:546848686991:listener/net/mgag-apps/2717d86ab09bdaa3/79865c7fd9e75a3d",
                        "attributes": {
                            "arn": "arn:aws:elasticloadbalancing:us-west-2:546848686991:listener/net/mgag-apps/2717d86ab09bdaa3/79865c7fd9e75a3d",
                            "default_action.#": "1",
                            "default_action.0.fixed_response.#": "0",
                            "default_action.0.redirect.#": "0",
                            "default_action.0.target_group_arn": "arn:aws:elasticloadbalancing:us-west-2:546848686991:targetgroup/mgag-apps-http/c5047e0393058257",
                            "default_action.0.type": "forward",
                            "id": "arn:aws:elasticloadbalancing:us-west-2:546848686991:listener/net/mgag-apps/2717d86ab09bdaa3/79865c7fd9e75a3d",
                            "load_balancer_arn": "arn:aws:elasticloadbalancing:us-west-2:546848686991:loadbalancer/net/mgag-apps/2717d86ab09bdaa3",
                            "port": "80",
                            "protocol": "TCP",
                            "ssl_policy": ""
                        },
                        "meta": {},
                        "tainted": false
                    },
                    "deposed": [],
                    "provider": "provider.aws"
                },
                "aws_lb_listener.apps_https": {
                    "type": "aws_lb_listener",
                    "depends_on": [
                        "aws_lb.apps",
                        "aws_lb_target_group.apps_https_targets"
                    ],
                    "primary": {
                        "id": "arn:aws:elasticloadbalancing:us-west-2:546848686991:listener/net/mgag-apps/2717d86ab09bdaa3/ee886405d4f45b9b",
                        "attributes": {
                            "arn": "arn:aws:elasticloadbalancing:us-west-2:546848686991:listener/net/mgag-apps/2717d86ab09bdaa3/ee886405d4f45b9b",
                            "default_action.#": "1",
                            "default_action.0.fixed_response.#": "0",
                            "default_action.0.redirect.#": "0",
                            "default_action.0.target_group_arn": "arn:aws:elasticloadbalancing:us-west-2:546848686991:targetgroup/mgag-apps-https/5dd467fadd9fb03b",
                            "default_action.0.type": "forward",
                            "id": "arn:aws:elasticloadbalancing:us-west-2:546848686991:listener/net/mgag-apps/2717d86ab09bdaa3/ee886405d4f45b9b",
                            "load_balancer_arn": "arn:aws:elasticloadbalancing:us-west-2:546848686991:loadbalancer/net/mgag-apps/2717d86ab09bdaa3",
                            "port": "443",
                            "protocol": "TCP",
                            "ssl_policy": ""
                        },
                        "meta": {},
                        "tainted": false
                    },
                    "deposed": [],
                    "provider": "provider.aws"
                },
                "aws_lb_listener.dtr_http": {
                    "type": "aws_lb_listener",
                    "depends_on": [
                        "aws_lb.dtr",
                        "aws_lb_target_group.dtr_http_targets"
                    ],
                    "primary": {
                        "id": "arn:aws:elasticloadbalancing:us-west-2:546848686991:listener/net/mgag-dtr/4f6012d2049be9eb/95fc65fc0b6db568",
                        "attributes": {
                            "arn": "arn:aws:elasticloadbalancing:us-west-2:546848686991:listener/net/mgag-dtr/4f6012d2049be9eb/95fc65fc0b6db568",
                            "default_action.#": "1",
                            "default_action.0.fixed_response.#": "0",
                            "default_action.0.redirect.#": "0",
                            "default_action.0.target_group_arn": "arn:aws:elasticloadbalancing:us-west-2:546848686991:targetgroup/mgag-dtr-http/ada0d0c9b5b42109",
                            "default_action.0.type": "forward",
                            "id": "arn:aws:elasticloadbalancing:us-west-2:546848686991:listener/net/mgag-dtr/4f6012d2049be9eb/95fc65fc0b6db568",
                            "load_balancer_arn": "arn:aws:elasticloadbalancing:us-west-2:546848686991:loadbalancer/net/mgag-dtr/4f6012d2049be9eb",
                            "port": "80",
                            "protocol": "TCP",
                            "ssl_policy": ""
                        },
                        "meta": {},
                        "tainted": false
                    },
                    "deposed": [],
                    "provider": "provider.aws"
                },
                "aws_lb_listener.dtr_https": {
                    "type": "aws_lb_listener",
                    "depends_on": [
                        "aws_lb.dtr",
                        "aws_lb_target_group.dtr_https_targets"
                    ],
                    "primary": {
                        "id": "arn:aws:elasticloadbalancing:us-west-2:546848686991:listener/net/mgag-dtr/4f6012d2049be9eb/e349dcfc644520b7",
                        "attributes": {
                            "arn": "arn:aws:elasticloadbalancing:us-west-2:546848686991:listener/net/mgag-dtr/4f6012d2049be9eb/e349dcfc644520b7",
                            "default_action.#": "1",
                            "default_action.0.fixed_response.#": "0",
                            "default_action.0.redirect.#": "0",
                            "default_action.0.target_group_arn": "arn:aws:elasticloadbalancing:us-west-2:546848686991:targetgroup/mgag-dtr-https/16d8ee4931243048",
                            "default_action.0.type": "forward",
                            "id": "arn:aws:elasticloadbalancing:us-west-2:546848686991:listener/net/mgag-dtr/4f6012d2049be9eb/e349dcfc644520b7",
                            "load_balancer_arn": "arn:aws:elasticloadbalancing:us-west-2:546848686991:loadbalancer/net/mgag-dtr/4f6012d2049be9eb",
                            "port": "443",
                            "protocol": "TCP",
                            "ssl_policy": ""
                        },
                        "meta": {},
                        "tainted": false
                    },
                    "deposed": [],
                    "provider": "provider.aws"
                },
                "aws_lb_listener.k8s_http": {
                    "type": "aws_lb_listener",
                    "depends_on": [
                        "aws_lb.k8s",
                        "aws_lb_target_group.k8s_http_targets"
                    ],
                    "primary": {
                        "id": "arn:aws:elasticloadbalancing:us-west-2:546848686991:listener/net/mgag-k8s/7740a884a5b5f906/950a566be1a8b553",
                        "attributes": {
                            "arn": "arn:aws:elasticloadbalancing:us-west-2:546848686991:listener/net/mgag-k8s/7740a884a5b5f906/950a566be1a8b553",
                            "default_action.#": "1",
                            "default_action.0.fixed_response.#": "0",
                            "default_action.0.redirect.#": "0",
                            "default_action.0.target_group_arn": "arn:aws:elasticloadbalancing:us-west-2:546848686991:targetgroup/mgag-k8s-http/26521ea3f47fdd7b",
                            "default_action.0.type": "forward",
                            "id": "arn:aws:elasticloadbalancing:us-west-2:546848686991:listener/net/mgag-k8s/7740a884a5b5f906/950a566be1a8b553",
                            "load_balancer_arn": "arn:aws:elasticloadbalancing:us-west-2:546848686991:loadbalancer/net/mgag-k8s/7740a884a5b5f906",
                            "port": "80",
                            "protocol": "TCP",
                            "ssl_policy": ""
                        },
                        "meta": {},
                        "tainted": false
                    },
                    "deposed": [],
                    "provider": "provider.aws"
                },
                "aws_lb_listener.k8s_https": {
                    "type": "aws_lb_listener",
                    "depends_on": [
                        "aws_lb.k8s",
                        "aws_lb_target_group.k8s_https_targets"
                    ],
                    "primary": {
                        "id": "arn:aws:elasticloadbalancing:us-west-2:546848686991:listener/net/mgag-k8s/7740a884a5b5f906/17bbb8ee6e31645d",
                        "attributes": {
                            "arn": "arn:aws:elasticloadbalancing:us-west-2:546848686991:listener/net/mgag-k8s/7740a884a5b5f906/17bbb8ee6e31645d",
                            "default_action.#": "1",
                            "default_action.0.fixed_response.#": "0",
                            "default_action.0.redirect.#": "0",
                            "default_action.0.target_group_arn": "arn:aws:elasticloadbalancing:us-west-2:546848686991:targetgroup/mgag-k8s-https/8b4eee057ce17273",
                            "default_action.0.type": "forward",
                            "id": "arn:aws:elasticloadbalancing:us-west-2:546848686991:listener/net/mgag-k8s/7740a884a5b5f906/17bbb8ee6e31645d",
                            "load_balancer_arn": "arn:aws:elasticloadbalancing:us-west-2:546848686991:loadbalancer/net/mgag-k8s/7740a884a5b5f906",
                            "port": "443",
                            "protocol": "TCP",
                            "ssl_policy": ""
                        },
                        "meta": {},
                        "tainted": false
                    },
                    "deposed": [],
                    "provider": "provider.aws"
                },
                "aws_lb_listener.ucp_https": {
                    "type": "aws_lb_listener",
                    "depends_on": [
                        "aws_lb.ucp",
                        "aws_lb_target_group.ucp_https_targets"
                    ],
                    "primary": {
                        "id": "arn:aws:elasticloadbalancing:us-west-2:546848686991:listener/net/mgag-ucp/f7295da70e433929/da788236a6db3f1d",
                        "attributes": {
                            "arn": "arn:aws:elasticloadbalancing:us-west-2:546848686991:listener/net/mgag-ucp/f7295da70e433929/da788236a6db3f1d",
                            "default_action.#": "1",
                            "default_action.0.fixed_response.#": "0",
                            "default_action.0.redirect.#": "0",
                            "default_action.0.target_group_arn": "arn:aws:elasticloadbalancing:us-west-2:546848686991:targetgroup/mgag-ucp-https/b601bdcb0058adf3",
                            "default_action.0.type": "forward",
                            "id": "arn:aws:elasticloadbalancing:us-west-2:546848686991:listener/net/mgag-ucp/f7295da70e433929/da788236a6db3f1d",
                            "load_balancer_arn": "arn:aws:elasticloadbalancing:us-west-2:546848686991:loadbalancer/net/mgag-ucp/f7295da70e433929",
                            "port": "443",
                            "protocol": "TCP",
                            "ssl_policy": ""
                        },
                        "meta": {},
                        "tainted": false
                    },
                    "deposed": [],
                    "provider": "provider.aws"
                },
                "aws_lb_listener.ucp_kubectl": {
                    "type": "aws_lb_listener",
                    "depends_on": [
                        "aws_lb.ucp",
                        "aws_lb_target_group.ucp_kubectl_targets"
                    ],
                    "primary": {
                        "id": "arn:aws:elasticloadbalancing:us-west-2:546848686991:listener/net/mgag-ucp/f7295da70e433929/cec450339c21f50b",
                        "attributes": {
                            "arn": "arn:aws:elasticloadbalancing:us-west-2:546848686991:listener/net/mgag-ucp/f7295da70e433929/cec450339c21f50b",
                            "default_action.#": "1",
                            "default_action.0.fixed_response.#": "0",
                            "default_action.0.redirect.#": "0",
                            "default_action.0.target_group_arn": "arn:aws:elasticloadbalancing:us-west-2:546848686991:targetgroup/mgag-ucp-kube/589032b7abf7d2c6",
                            "default_action.0.type": "forward",
                            "id": "arn:aws:elasticloadbalancing:us-west-2:546848686991:listener/net/mgag-ucp/f7295da70e433929/cec450339c21f50b",
                            "load_balancer_arn": "arn:aws:elasticloadbalancing:us-west-2:546848686991:loadbalancer/net/mgag-ucp/f7295da70e433929",
                            "port": "6443",
                            "protocol": "TCP",
                            "ssl_policy": ""
                        },
                        "meta": {},
                        "tainted": false
                    },
                    "deposed": [],
                    "provider": "provider.aws"
                },
                "aws_lb_target_group.apps_http_targets": {
                    "type": "aws_lb_target_group",
                    "depends_on": [
                        "local.vpc_id"
                    ],
                    "primary": {
                        "id": "arn:aws:elasticloadbalancing:us-west-2:546848686991:targetgroup/mgag-apps-http/c5047e0393058257",
                        "attributes": {
                            "arn": "arn:aws:elasticloadbalancing:us-west-2:546848686991:targetgroup/mgag-apps-http/c5047e0393058257",
                            "arn_suffix": "targetgroup/mgag-apps-http/c5047e0393058257",
                            "deregistration_delay": "300",
                            "health_check.#": "1",
                            "health_check.0.healthy_threshold": "5",
                            "health_check.0.interval": "30",
                            "health_check.0.matcher": "",
                            "health_check.0.path": "",
                            "health_check.0.port": "8000",
                            "health_check.0.protocol": "TCP",
                            "health_check.0.timeout": "10",
                            "health_check.0.unhealthy_threshold": "5",
                            "id": "arn:aws:elasticloadbalancing:us-west-2:546848686991:targetgroup/mgag-apps-http/c5047e0393058257",
                            "name": "mgag-apps-http",
                            "port": "8000",
                            "protocol": "TCP",
                            "proxy_protocol_v2": "false",
                            "slow_start": "0",
                            "stickiness.#": "0",
                            "tags.%": "8",
                            "tags.expiry": "2018-10-14T20:02:09Z",
                            "tags.mast": "true",
                            "tags.mast.buildTime": "2018-09-21T18:08:08+0000",
                            "tags.mast.commit": "d452e34b5ce037cbf2052996c26854913211913d",
                            "tags.mast.isDevelopment": "false",
                            "tags.systemName": "mgag",
                            "tags.user.arch": "amd64",
                            "tags.user.os": "linux",
                            "target_type": "instance",
                            "vpc_id": "vpc-016b2bba9025d4502"
                        },
                        "meta": {},
                        "tainted": false
                    },
                    "deposed": [],
                    "provider": "provider.aws"
                },
                "aws_lb_target_group.apps_https_targets": {
                    "type": "aws_lb_target_group",
                    "depends_on": [
                        "local.vpc_id"
                    ],
                    "primary": {
                        "id": "arn:aws:elasticloadbalancing:us-west-2:546848686991:targetgroup/mgag-apps-https/5dd467fadd9fb03b",
                        "attributes": {
                            "arn": "arn:aws:elasticloadbalancing:us-west-2:546848686991:targetgroup/mgag-apps-https/5dd467fadd9fb03b",
                            "arn_suffix": "targetgroup/mgag-apps-https/5dd467fadd9fb03b",
                            "deregistration_delay": "300",
                            "health_check.#": "1",
                            "health_check.0.healthy_threshold": "5",
                            "health_check.0.interval": "30",
                            "health_check.0.matcher": "",
                            "health_check.0.path": "",
                            "health_check.0.port": "8443",
                            "health_check.0.protocol": "TCP",
                            "health_check.0.timeout": "10",
                            "health_check.0.unhealthy_threshold": "5",
                            "id": "arn:aws:elasticloadbalancing:us-west-2:546848686991:targetgroup/mgag-apps-https/5dd467fadd9fb03b",
                            "name": "mgag-apps-https",
                            "port": "8443",
                            "protocol": "TCP",
                            "proxy_protocol_v2": "false",
                            "slow_start": "0",
                            "stickiness.#": "0",
                            "tags.%": "8",
                            "tags.expiry": "2018-10-14T20:02:09Z",
                            "tags.mast": "true",
                            "tags.mast.buildTime": "2018-09-21T18:08:08+0000",
                            "tags.mast.commit": "d452e34b5ce037cbf2052996c26854913211913d",
                            "tags.mast.isDevelopment": "false",
                            "tags.systemName": "mgag",
                            "tags.user.arch": "amd64",
                            "tags.user.os": "linux",
                            "target_type": "instance",
                            "vpc_id": "vpc-016b2bba9025d4502"
                        },
                        "meta": {},
                        "tainted": false
                    },
                    "deposed": [],
                    "provider": "provider.aws"
                },
                "aws_lb_target_group.dtr_http_targets": {
                    "type": "aws_lb_target_group",
                    "depends_on": [
                        "local.vpc_id"
                    ],
                    "primary": {
                        "id": "arn:aws:elasticloadbalancing:us-west-2:546848686991:targetgroup/mgag-dtr-http/ada0d0c9b5b42109",
                        "attributes": {
                            "arn": "arn:aws:elasticloadbalancing:us-west-2:546848686991:targetgroup/mgag-dtr-http/ada0d0c9b5b42109",
                            "arn_suffix": "targetgroup/mgag-dtr-http/ada0d0c9b5b42109",
                            "deregistration_delay": "300",
                            "health_check.#": "1",
                            "health_check.0.healthy_threshold": "5",
                            "health_check.0.interval": "30",
                            "health_check.0.matcher": "",
                            "health_check.0.path": "",
                            "health_check.0.port": "80",
                            "health_check.0.protocol": "TCP",
                            "health_check.0.timeout": "10",
                            "health_check.0.unhealthy_threshold": "5",
                            "id": "arn:aws:elasticloadbalancing:us-west-2:546848686991:targetgroup/mgag-dtr-http/ada0d0c9b5b42109",
                            "name": "mgag-dtr-http",
                            "port": "80",
                            "protocol": "TCP",
                            "proxy_protocol_v2": "false",
                            "slow_start": "0",
                            "stickiness.#": "0",
                            "tags.%": "8",
                            "tags.expiry": "2018-10-14T20:02:09Z",
                            "tags.mast": "true",
                            "tags.mast.buildTime": "2018-09-21T18:08:08+0000",
                            "tags.mast.commit": "d452e34b5ce037cbf2052996c26854913211913d",
                            "tags.mast.isDevelopment": "false",
                            "tags.systemName": "mgag",
                            "tags.user.arch": "amd64",
                            "tags.user.os": "linux",
                            "target_type": "instance",
                            "vpc_id": "vpc-016b2bba9025d4502"
                        },
                        "meta": {},
                        "tainted": false
                    },
                    "deposed": [],
                    "provider": "provider.aws"
                },
                "aws_lb_target_group.dtr_https_targets": {
                    "type": "aws_lb_target_group",
                    "depends_on": [
                        "local.vpc_id"
                    ],
                    "primary": {
                        "id": "arn:aws:elasticloadbalancing:us-west-2:546848686991:targetgroup/mgag-dtr-https/16d8ee4931243048",
                        "attributes": {
                            "arn": "arn:aws:elasticloadbalancing:us-west-2:546848686991:targetgroup/mgag-dtr-https/16d8ee4931243048",
                            "arn_suffix": "targetgroup/mgag-dtr-https/16d8ee4931243048",
                            "deregistration_delay": "300",
                            "health_check.#": "1",
                            "health_check.0.healthy_threshold": "5",
                            "health_check.0.interval": "30",
                            "health_check.0.matcher": "",
                            "health_check.0.path": "",
                            "health_check.0.port": "443",
                            "health_check.0.protocol": "TCP",
                            "health_check.0.timeout": "10",
                            "health_check.0.unhealthy_threshold": "5",
                            "id": "arn:aws:elasticloadbalancing:us-west-2:546848686991:targetgroup/mgag-dtr-https/16d8ee4931243048",
                            "name": "mgag-dtr-https",
                            "port": "443",
                            "protocol": "TCP",
                            "proxy_protocol_v2": "false",
                            "slow_start": "0",
                            "stickiness.#": "0",
                            "tags.%": "8",
                            "tags.expiry": "2018-10-14T20:02:09Z",
                            "tags.mast": "true",
                            "tags.mast.buildTime": "2018-09-21T18:08:08+0000",
                            "tags.mast.commit": "d452e34b5ce037cbf2052996c26854913211913d",
                            "tags.mast.isDevelopment": "false",
                            "tags.systemName": "mgag",
                            "tags.user.arch": "amd64",
                            "tags.user.os": "linux",
                            "target_type": "instance",
                            "vpc_id": "vpc-016b2bba9025d4502"
                        },
                        "meta": {},
                        "tainted": false
                    },
                    "deposed": [],
                    "provider": "provider.aws"
                },
                "aws_lb_target_group.k8s_http_targets": {
                    "type": "aws_lb_target_group",
                    "depends_on": [
                        "local.vpc_id"
                    ],
                    "primary": {
                        "id": "arn:aws:elasticloadbalancing:us-west-2:546848686991:targetgroup/mgag-k8s-http/26521ea3f47fdd7b",
                        "attributes": {
                            "arn": "arn:aws:elasticloadbalancing:us-west-2:546848686991:targetgroup/mgag-k8s-http/26521ea3f47fdd7b",
                            "arn_suffix": "targetgroup/mgag-k8s-http/26521ea3f47fdd7b",
                            "deregistration_delay": "300",
                            "health_check.#": "1",
                            "health_check.0.healthy_threshold": "5",
                            "health_check.0.interval": "30",
                            "health_check.0.matcher": "",
                            "health_check.0.path": "",
                            "health_check.0.port": "35080",
                            "health_check.0.protocol": "TCP",
                            "health_check.0.timeout": "10",
                            "health_check.0.unhealthy_threshold": "5",
                            "id": "arn:aws:elasticloadbalancing:us-west-2:546848686991:targetgroup/mgag-k8s-http/26521ea3f47fdd7b",
                            "name": "mgag-k8s-http",
                            "port": "35080",
                            "protocol": "TCP",
                            "proxy_protocol_v2": "false",
                            "slow_start": "0",
                            "stickiness.#": "0",
                            "tags.%": "8",
                            "tags.expiry": "2018-10-14T20:02:09Z",
                            "tags.mast": "true",
                            "tags.mast.buildTime": "2018-09-21T18:08:08+0000",
                            "tags.mast.commit": "d452e34b5ce037cbf2052996c26854913211913d",
                            "tags.mast.isDevelopment": "false",
                            "tags.systemName": "mgag",
                            "tags.user.arch": "amd64",
                            "tags.user.os": "linux",
                            "target_type": "instance",
                            "vpc_id": "vpc-016b2bba9025d4502"
                        },
                        "meta": {},
                        "tainted": false
                    },
                    "deposed": [],
                    "provider": "provider.aws"
                },
                "aws_lb_target_group.k8s_https_targets": {
                    "type": "aws_lb_target_group",
                    "depends_on": [
                        "local.vpc_id"
                    ],
                    "primary": {
                        "id": "arn:aws:elasticloadbalancing:us-west-2:546848686991:targetgroup/mgag-k8s-https/8b4eee057ce17273",
                        "attributes": {
                            "arn": "arn:aws:elasticloadbalancing:us-west-2:546848686991:targetgroup/mgag-k8s-https/8b4eee057ce17273",
                            "arn_suffix": "targetgroup/mgag-k8s-https/8b4eee057ce17273",
                            "deregistration_delay": "300",
                            "health_check.#": "1",
                            "health_check.0.healthy_threshold": "5",
                            "health_check.0.interval": "30",
                            "health_check.0.matcher": "",
                            "health_check.0.path": "",
                            "health_check.0.port": "35443",
                            "health_check.0.protocol": "TCP",
                            "health_check.0.timeout": "10",
                            "health_check.0.unhealthy_threshold": "5",
                            "id": "arn:aws:elasticloadbalancing:us-west-2:546848686991:targetgroup/mgag-k8s-https/8b4eee057ce17273",
                            "name": "mgag-k8s-https",
                            "port": "35443",
                            "protocol": "TCP",
                            "proxy_protocol_v2": "false",
                            "slow_start": "0",
                            "stickiness.#": "0",
                            "tags.%": "8",
                            "tags.expiry": "2018-10-14T20:02:09Z",
                            "tags.mast": "true",
                            "tags.mast.buildTime": "2018-09-21T18:08:08+0000",
                            "tags.mast.commit": "d452e34b5ce037cbf2052996c26854913211913d",
                            "tags.mast.isDevelopment": "false",
                            "tags.systemName": "mgag",
                            "tags.user.arch": "amd64",
                            "tags.user.os": "linux",
                            "target_type": "instance",
                            "vpc_id": "vpc-016b2bba9025d4502"
                        },
                        "meta": {},
                        "tainted": false
                    },
                    "deposed": [],
                    "provider": "provider.aws"
                },
                "aws_lb_target_group.ucp_https_targets": {
                    "type": "aws_lb_target_group",
                    "depends_on": [
                        "local.vpc_id"
                    ],
                    "primary": {
                        "id": "arn:aws:elasticloadbalancing:us-west-2:546848686991:targetgroup/mgag-ucp-https/b601bdcb0058adf3",
                        "attributes": {
                            "arn": "arn:aws:elasticloadbalancing:us-west-2:546848686991:targetgroup/mgag-ucp-https/b601bdcb0058adf3",
                            "arn_suffix": "targetgroup/mgag-ucp-https/b601bdcb0058adf3",
                            "deregistration_delay": "300",
                            "health_check.#": "1",
                            "health_check.0.healthy_threshold": "5",
                            "health_check.0.interval": "30",
                            "health_check.0.matcher": "",
                            "health_check.0.path": "",
                            "health_check.0.port": "443",
                            "health_check.0.protocol": "TCP",
                            "health_check.0.timeout": "10",
                            "health_check.0.unhealthy_threshold": "5",
                            "id": "arn:aws:elasticloadbalancing:us-west-2:546848686991:targetgroup/mgag-ucp-https/b601bdcb0058adf3",
                            "name": "mgag-ucp-https",
                            "port": "443",
                            "protocol": "TCP",
                            "proxy_protocol_v2": "false",
                            "slow_start": "0",
                            "stickiness.#": "0",
                            "tags.%": "8",
                            "tags.expiry": "2018-10-14T20:02:09Z",
                            "tags.mast": "true",
                            "tags.mast.buildTime": "2018-09-21T18:08:08+0000",
                            "tags.mast.commit": "d452e34b5ce037cbf2052996c26854913211913d",
                            "tags.mast.isDevelopment": "false",
                            "tags.systemName": "mgag",
                            "tags.user.arch": "amd64",
                            "tags.user.os": "linux",
                            "target_type": "instance",
                            "vpc_id": "vpc-016b2bba9025d4502"
                        },
                        "meta": {},
                        "tainted": false
                    },
                    "deposed": [],
                    "provider": "provider.aws"
                },
                "aws_lb_target_group.ucp_kubectl_targets": {
                    "type": "aws_lb_target_group",
                    "depends_on": [
                        "local.vpc_id"
                    ],
                    "primary": {
                        "id": "arn:aws:elasticloadbalancing:us-west-2:546848686991:targetgroup/mgag-ucp-kube/589032b7abf7d2c6",
                        "attributes": {
                            "arn": "arn:aws:elasticloadbalancing:us-west-2:546848686991:targetgroup/mgag-ucp-kube/589032b7abf7d2c6",
                            "arn_suffix": "targetgroup/mgag-ucp-kube/589032b7abf7d2c6",
                            "deregistration_delay": "300",
                            "health_check.#": "1",
                            "health_check.0.healthy_threshold": "5",
                            "health_check.0.interval": "30",
                            "health_check.0.matcher": "",
                            "health_check.0.path": "",
                            "health_check.0.port": "6443",
                            "health_check.0.protocol": "TCP",
                            "health_check.0.timeout": "10",
                            "health_check.0.unhealthy_threshold": "5",
                            "id": "arn:aws:elasticloadbalancing:us-west-2:546848686991:targetgroup/mgag-ucp-kube/589032b7abf7d2c6",
                            "name": "mgag-ucp-kube",
                            "port": "6443",
                            "protocol": "TCP",
                            "proxy_protocol_v2": "false",
                            "slow_start": "0",
                            "stickiness.#": "0",
                            "tags.%": "8",
                            "tags.expiry": "2018-10-14T20:02:09Z",
                            "tags.mast": "true",
                            "tags.mast.buildTime": "2018-09-21T18:08:08+0000",
                            "tags.mast.commit": "d452e34b5ce037cbf2052996c26854913211913d",
                            "tags.mast.isDevelopment": "false",
                            "tags.systemName": "mgag",
                            "tags.user.arch": "amd64",
                            "tags.user.os": "linux",
                            "target_type": "instance",
                            "vpc_id": "vpc-016b2bba9025d4502"
                        },
                        "meta": {},
                        "tainted": false
                    },
                    "deposed": [],
                    "provider": "provider.aws"
                },
                "aws_lb_target_group_attachment.apps_http_attachment": {
                    "type": "aws_lb_target_group_attachment",
                    "depends_on": [
                        "aws_instance.ucp_worker_linux.*",
                        "aws_lb_target_group.apps_http_targets",
                        "aws_spot_instance_request.ucp_worker_linux.*"
                    ],
                    "primary": {
                        "id": "arn:aws:elasticloadbalancing:us-west-2:546848686991:targetgroup/mgag-apps-http/c5047e0393058257-20181011200332562200000004",
                        "attributes": {
                            "id": "arn:aws:elasticloadbalancing:us-west-2:546848686991:targetgroup/mgag-apps-http/c5047e0393058257-20181011200332562200000004",
                            "target_group_arn": "arn:aws:elasticloadbalancing:us-west-2:546848686991:targetgroup/mgag-apps-http/c5047e0393058257",
                            "target_id": "i-04f15b776742630a8"
                        },
                        "meta": {},
                        "tainted": false
                    },
                    "deposed": [],
                    "provider": "provider.aws"
                },
                "aws_lb_target_group_attachment.apps_https_attachment": {
                    "type": "aws_lb_target_group_attachment",
                    "depends_on": [
                        "aws_instance.ucp_worker_linux.*",
                        "aws_lb_target_group.apps_https_targets",
                        "aws_spot_instance_request.ucp_worker_linux.*"
                    ],
                    "primary": {
                        "id": "arn:aws:elasticloadbalancing:us-west-2:546848686991:targetgroup/mgag-apps-https/5dd467fadd9fb03b-20181011200332645600000006",
                        "attributes": {
                            "id": "arn:aws:elasticloadbalancing:us-west-2:546848686991:targetgroup/mgag-apps-https/5dd467fadd9fb03b-20181011200332645600000006",
                            "target_group_arn": "arn:aws:elasticloadbalancing:us-west-2:546848686991:targetgroup/mgag-apps-https/5dd467fadd9fb03b",
                            "target_id": "i-04f15b776742630a8"
                        },
                        "meta": {},
                        "tainted": false
                    },
                    "deposed": [],
                    "provider": "provider.aws"
                },
                "aws_lb_target_group_attachment.dtr_http_attachment": {
                    "type": "aws_lb_target_group_attachment",
                    "depends_on": [
                        "aws_instance.ucp_worker_dtr.*",
                        "aws_lb_target_group.dtr_http_targets",
                        "aws_spot_instance_request.ucp_worker_dtr.*"
                    ],
                    "primary": {
                        "id": "arn:aws:elasticloadbalancing:us-west-2:546848686991:targetgroup/mgag-dtr-http/ada0d0c9b5b42109-20181011200331583600000003",
                        "attributes": {
                            "id": "arn:aws:elasticloadbalancing:us-west-2:546848686991:targetgroup/mgag-dtr-http/ada0d0c9b5b42109-20181011200331583600000003",
                            "target_group_arn": "arn:aws:elasticloadbalancing:us-west-2:546848686991:targetgroup/mgag-dtr-http/ada0d0c9b5b42109",
                            "target_id": "i-0a8d5c7224a6f4716"
                        },
                        "meta": {},
                        "tainted": false
                    },
                    "deposed": [],
                    "provider": "provider.aws"
                },
                "aws_lb_target_group_attachment.dtr_https_attachment": {
                    "type": "aws_lb_target_group_attachment",
                    "depends_on": [
                        "aws_instance.ucp_worker_dtr.*",
                        "aws_lb_target_group.dtr_https_targets",
                        "aws_spot_instance_request.ucp_worker_dtr.*"
                    ],
                    "primary": {
                        "id": "arn:aws:elasticloadbalancing:us-west-2:546848686991:targetgroup/mgag-dtr-https/16d8ee4931243048-20181011200331513800000002",
                        "attributes": {
                            "id": "arn:aws:elasticloadbalancing:us-west-2:546848686991:targetgroup/mgag-dtr-https/16d8ee4931243048-20181011200331513800000002",
                            "target_group_arn": "arn:aws:elasticloadbalancing:us-west-2:546848686991:targetgroup/mgag-dtr-https/16d8ee4931243048",
                            "target_id": "i-0a8d5c7224a6f4716"
                        },
                        "meta": {},
                        "tainted": false
                    },
                    "deposed": [],
                    "provider": "provider.aws"
                },
                "aws_lb_target_group_attachment.k8s_http_attachment": {
                    "type": "aws_lb_target_group_attachment",
                    "depends_on": [
                        "aws_instance.ucp_worker_linux.*",
                        "aws_lb_target_group.k8s_http_targets",
                        "aws_spot_instance_request.ucp_worker_linux.*"
                    ],
                    "primary": {
                        "id": "arn:aws:elasticloadbalancing:us-west-2:546848686991:targetgroup/mgag-k8s-http/26521ea3f47fdd7b-20181011200332680800000007",
                        "attributes": {
                            "id": "arn:aws:elasticloadbalancing:us-west-2:546848686991:targetgroup/mgag-k8s-http/26521ea3f47fdd7b-20181011200332680800000007",
                            "target_group_arn": "arn:aws:elasticloadbalancing:us-west-2:546848686991:targetgroup/mgag-k8s-http/26521ea3f47fdd7b",
                            "target_id": "i-04f15b776742630a8"
                        },
                        "meta": {},
                        "tainted": false
                    },
                    "deposed": [],
                    "provider": "provider.aws"
                },
                "aws_lb_target_group_attachment.k8s_https_attachment": {
                    "type": "aws_lb_target_group_attachment",
                    "depends_on": [
                        "aws_instance.ucp_worker_linux.*",
                        "aws_lb_target_group.k8s_https_targets",
                        "aws_spot_instance_request.ucp_worker_linux.*"
                    ],
                    "primary": {
                        "id": "arn:aws:elasticloadbalancing:us-west-2:546848686991:targetgroup/mgag-k8s-https/8b4eee057ce17273-20181011200332579700000005",
                        "attributes": {
                            "id": "arn:aws:elasticloadbalancing:us-west-2:546848686991:targetgroup/mgag-k8s-https/8b4eee057ce17273-20181011200332579700000005",
                            "target_group_arn": "arn:aws:elasticloadbalancing:us-west-2:546848686991:targetgroup/mgag-k8s-https/8b4eee057ce17273",
                            "target_id": "i-04f15b776742630a8"
                        },
                        "meta": {},
                        "tainted": false
                    },
                    "deposed": [],
                    "provider": "provider.aws"
                },
                "aws_lb_target_group_attachment.ucp_https_attachment": {
                    "type": "aws_lb_target_group_attachment",
                    "depends_on": [
                        "aws_instance.ucp_manager_linux.*",
                        "aws_lb_target_group.ucp_https_targets",
                        "aws_spot_instance_request.ucp_manager_linux.*"
                    ],
                    "primary": {
                        "id": "arn:aws:elasticloadbalancing:us-west-2:546848686991:targetgroup/mgag-ucp-https/b601bdcb0058adf3-20181011200340650500000009",
                        "attributes": {
                            "id": "arn:aws:elasticloadbalancing:us-west-2:546848686991:targetgroup/mgag-ucp-https/b601bdcb0058adf3-20181011200340650500000009",
                            "target_group_arn": "arn:aws:elasticloadbalancing:us-west-2:546848686991:targetgroup/mgag-ucp-https/b601bdcb0058adf3",
                            "target_id": "i-0dc78492b42702fa5"
                        },
                        "meta": {},
                        "tainted": false
                    },
                    "deposed": [],
                    "provider": "provider.aws"
                },
                "aws_lb_target_group_attachment.ucp_kubectl_attachment": {
                    "type": "aws_lb_target_group_attachment",
                    "depends_on": [
                        "aws_instance.ucp_manager_linux.*",
                        "aws_lb_target_group.ucp_kubectl_targets",
                        "aws_spot_instance_request.ucp_manager_linux.*"
                    ],
                    "primary": {
                        "id": "arn:aws:elasticloadbalancing:us-west-2:546848686991:targetgroup/mgag-ucp-kube/589032b7abf7d2c6-20181011200340574500000008",
                        "attributes": {
                            "id": "arn:aws:elasticloadbalancing:us-west-2:546848686991:targetgroup/mgag-ucp-kube/589032b7abf7d2c6-20181011200340574500000008",
                            "target_group_arn": "arn:aws:elasticloadbalancing:us-west-2:546848686991:targetgroup/mgag-ucp-kube/589032b7abf7d2c6",
                            "target_id": "i-0dc78492b42702fa5"
                        },
                        "meta": {},
                        "tainted": false
                    },
                    "deposed": [],
                    "provider": "provider.aws"
                },
                "aws_route.internet_access": {
                    "type": "aws_route",
                    "depends_on": [
                        "aws_internet_gateway.igw",
                        "aws_route_table.public_igw",
                        "local.create_vpc"
                    ],
                    "primary": {
                        "id": "r-rtb-077ebc3086f8f27cf1080289494",
                        "attributes": {
                            "destination_cidr_block": "0.0.0.0/0",
                            "destination_prefix_list_id": "",
                            "egress_only_gateway_id": "",
                            "gateway_id": "igw-02e4386b92dbe1d69",
                            "id": "r-rtb-077ebc3086f8f27cf1080289494",
                            "instance_id": "",
                            "instance_owner_id": "",
                            "nat_gateway_id": "",
                            "network_interface_id": "",
                            "origin": "CreateRoute",
                            "route_table_id": "rtb-077ebc3086f8f27cf",
                            "state": "active",
                            "vpc_peering_connection_id": ""
                        },
                        "meta": {
                            "e2bfb730-ecaa-11e6-8f88-34363bc7c4c0": {
                                "create": 900000000000,
                                "delete": 300000000000
                            }
                        },
                        "tainted": false
                    },
                    "deposed": [],
                    "provider": "provider.aws"
                },
                "aws_route_table.public_igw": {
                    "type": "aws_route_table",
                    "depends_on": [
                        "aws_internet_gateway.igw",
                        "local.create_vpc",
                        "local.vpc_id"
                    ],
                    "primary": {
                        "id": "rtb-077ebc3086f8f27cf",
                        "attributes": {
                            "id": "rtb-077ebc3086f8f27cf",
                            "propagating_vgws.#": "0",
                            "route.#": "1",
                            "route.1656383778.cidr_block": "0.0.0.0/0",
                            "route.1656383778.egress_only_gateway_id": "",
                            "route.1656383778.gateway_id": "igw-02e4386b92dbe1d69",
                            "route.1656383778.instance_id": "",
                            "route.1656383778.ipv6_cidr_block": "",
                            "route.1656383778.nat_gateway_id": "",
                            "route.1656383778.network_interface_id": "",
                            "route.1656383778.vpc_peering_connection_id": "",
                            "tags.%": "9",
                            "tags.Name": "mgag-rt",
                            "tags.expiry": "2018-10-14T20:02:09Z",
                            "tags.mast": "true",
                            "tags.mast.buildTime": "2018-09-21T18:08:08+0000",
                            "tags.mast.commit": "d452e34b5ce037cbf2052996c26854913211913d",
                            "tags.mast.isDevelopment": "false",
                            "tags.systemName": "mgag",
                            "tags.user.arch": "amd64",
                            "tags.user.os": "linux",
                            "vpc_id": "vpc-016b2bba9025d4502"
                        },
                        "meta": {},
                        "tainted": false
                    },
                    "deposed": [],
                    "provider": "provider.aws"
                },
                "aws_route_table_association.public.0": {
                    "type": "aws_route_table_association",
                    "depends_on": [
                        "aws_route_table.public_igw",
                        "aws_subnet.pubsubnet.*",
                        "data.aws_availability_zones.available",
                        "local.create_vpc"
                    ],
                    "primary": {
                        "id": "rtbassoc-0ca07fee35b2d1162",
                        "attributes": {
                            "id": "rtbassoc-0ca07fee35b2d1162",
                            "route_table_id": "rtb-077ebc3086f8f27cf",
                            "subnet_id": "subnet-0ad1577c7a29ba201"
                        },
                        "meta": {},
                        "tainted": false
                    },
                    "deposed": [],
                    "provider": "provider.aws"
                },
                "aws_route_table_association.public.1": {
                    "type": "aws_route_table_association",
                    "depends_on": [
                        "aws_route_table.public_igw",
                        "aws_subnet.pubsubnet.*",
                        "data.aws_availability_zones.available",
                        "local.create_vpc"
                    ],
                    "primary": {
                        "id": "rtbassoc-05bf589caafbefd36",
                        "attributes": {
                            "id": "rtbassoc-05bf589caafbefd36",
                            "route_table_id": "rtb-077ebc3086f8f27cf",
                            "subnet_id": "subnet-0f1c08a1a148022d6"
                        },
                        "meta": {},
                        "tainted": false
                    },
                    "deposed": [],
                    "provider": "provider.aws"
                },
                "aws_route_table_association.public.2": {
                    "type": "aws_route_table_association",
                    "depends_on": [
                        "aws_route_table.public_igw",
                        "aws_subnet.pubsubnet.*",
                        "data.aws_availability_zones.available",
                        "local.create_vpc"
                    ],
                    "primary": {
                        "id": "rtbassoc-041d39b933e35ec5b",
                        "attributes": {
                            "id": "rtbassoc-041d39b933e35ec5b",
                            "route_table_id": "rtb-077ebc3086f8f27cf",
                            "subnet_id": "subnet-036ee4ba2374f9204"
                        },
                        "meta": {},
                        "tainted": false
                    },
                    "deposed": [],
                    "provider": "provider.aws"
                },
                "aws_s3_bucket.dtr_storage_bucket": {
                    "type": "aws_s3_bucket",
                    "depends_on": [],
                    "primary": {
                        "id": "mgag-dtrstorage-20181011200216503400000001",
                        "attributes": {
                            "acceleration_status": "",
                            "acl": "private",
                            "arn": "arn:aws:s3:::mgag-dtrstorage-20181011200216503400000001",
                            "bucket": "mgag-dtrstorage-20181011200216503400000001",
                            "bucket_domain_name": "mgag-dtrstorage-20181011200216503400000001.s3.amazonaws.com",
                            "bucket_prefix": "mgag-dtrstorage-",
                            "bucket_regional_domain_name": "mgag-dtrstorage-20181011200216503400000001.s3.us-west-2.amazonaws.com",
                            "cors_rule.#": "0",
                            "force_destroy": "true",
                            "hosted_zone_id": "Z3BJ6K6RIION7M",
                            "id": "mgag-dtrstorage-20181011200216503400000001",
                            "lifecycle_rule.#": "0",
                            "logging.#": "0",
                            "region": "us-west-2",
                            "replication_configuration.#": "0",
                            "request_payer": "BucketOwner",
                            "server_side_encryption_configuration.#": "0",
                            "tags.%": "10",
                            "tags.Environment": "mgag",
                            "tags.Name": "mgag-DTRStorage",
                            "tags.expiry": "2018-10-14T20:02:09Z",
                            "tags.mast": "true",
                            "tags.mast.buildTime": "2018-09-21T18:08:08+0000",
                            "tags.mast.commit": "d452e34b5ce037cbf2052996c26854913211913d",
                            "tags.mast.isDevelopment": "false",
                            "tags.systemName": "mgag",
                            "tags.user.arch": "amd64",
                            "tags.user.os": "linux",
                            "versioning.#": "1",
                            "versioning.0.enabled": "false",
                            "versioning.0.mfa_delete": "false",
                            "website.#": "0"
                        },
                        "meta": {},
                        "tainted": false
                    },
                    "deposed": [],
                    "provider": "provider.aws"
                },
                "aws_security_group.apps": {
                    "type": "aws_security_group",
                    "depends_on": [
                        "local.enable_kubernetes_cloud_provider",
                        "local.kubernetes_tags",
                        "local.vpc_id"
                    ],
                    "primary": {
                        "id": "sg-04615eff6ac6dbda0",
                        "attributes": {
                            "arn": "arn:aws:ec2:us-west-2:546848686991:security-group/sg-04615eff6ac6dbda0",
                            "description": "Default Security Group for Docker EE applications",
                            "egress.#": "1",
                            "egress.482069346.cidr_blocks.#": "1",
                            "egress.482069346.cidr_blocks.0": "0.0.0.0/0",
                            "egress.482069346.description": "",
                            "egress.482069346.from_port": "0",
                            "egress.482069346.ipv6_cidr_blocks.#": "0",
                            "egress.482069346.prefix_list_ids.#": "0",
                            "egress.482069346.protocol": "-1",
                            "egress.482069346.security_groups.#": "0",
                            "egress.482069346.self": "false",
                            "egress.482069346.to_port": "0",
                            "id": "sg-04615eff6ac6dbda0",
                            "ingress.#": "2",
                            "ingress.2214680975.cidr_blocks.#": "1",
                            "ingress.2214680975.cidr_blocks.0": "0.0.0.0/0",
                            "ingress.2214680975.description": "",
                            "ingress.2214680975.from_port": "80",
                            "ingress.2214680975.ipv6_cidr_blocks.#": "0",
                            "ingress.2214680975.prefix_list_ids.#": "0",
                            "ingress.2214680975.protocol": "tcp",
                            "ingress.2214680975.security_groups.#": "0",
                            "ingress.2214680975.self": "false",
                            "ingress.2214680975.to_port": "80",
                            "ingress.2617001939.cidr_blocks.#": "1",
                            "ingress.2617001939.cidr_blocks.0": "0.0.0.0/0",
                            "ingress.2617001939.description": "",
                            "ingress.2617001939.from_port": "443",
                            "ingress.2617001939.ipv6_cidr_blocks.#": "0",
                            "ingress.2617001939.prefix_list_ids.#": "0",
                            "ingress.2617001939.protocol": "tcp",
                            "ingress.2617001939.security_groups.#": "0",
                            "ingress.2617001939.self": "false",
                            "ingress.2617001939.to_port": "443",
                            "name": "mgag_apps-default",
                            "owner_id": "546848686991",
                            "revoke_rules_on_delete": "false",
                            "tags.%": "8",
                            "tags.expiry": "2018-10-14T20:02:09Z",
                            "tags.mast": "true",
                            "tags.mast.buildTime": "2018-09-21T18:08:08+0000",
                            "tags.mast.commit": "d452e34b5ce037cbf2052996c26854913211913d",
                            "tags.mast.isDevelopment": "false",
                            "tags.systemName": "mgag",
                            "tags.user.arch": "amd64",
                            "tags.user.os": "linux",
                            "vpc_id": "vpc-016b2bba9025d4502"
                        },
                        "meta": {
                            "e2bfb730-ecaa-11e6-8f88-34363bc7c4c0": {
                                "create": 600000000000,
                                "delete": 3600000000000
                            },
                            "schema_version": "1"
                        },
                        "tainted": false
                    },
                    "deposed": [],
                    "provider": "provider.aws"
                },
                "aws_security_group.dtr": {
                    "type": "aws_security_group",
                    "depends_on": [
                        "local.enable_kubernetes_cloud_provider",
                        "local.kubernetes_tags",
                        "local.vpc_id"
                    ],
                    "primary": {
                        "id": "sg-04116c6472145520a",
                        "attributes": {
                            "arn": "arn:aws:ec2:us-west-2:546848686991:security-group/sg-04116c6472145520a",
                            "description": "Default Security Group for Docker EE DTR ELB",
                            "egress.#": "1",
                            "egress.482069346.cidr_blocks.#": "1",
                            "egress.482069346.cidr_blocks.0": "0.0.0.0/0",
                            "egress.482069346.description": "",
                            "egress.482069346.from_port": "0",
                            "egress.482069346.ipv6_cidr_blocks.#": "0",
                            "egress.482069346.prefix_list_ids.#": "0",
                            "egress.482069346.protocol": "-1",
                            "egress.482069346.security_groups.#": "0",
                            "egress.482069346.self": "false",
                            "egress.482069346.to_port": "0",
                            "id": "sg-04116c6472145520a",
                            "ingress.#": "2",
                            "ingress.2214680975.cidr_blocks.#": "1",
                            "ingress.2214680975.cidr_blocks.0": "0.0.0.0/0",
                            "ingress.2214680975.description": "",
                            "ingress.2214680975.from_port": "80",
                            "ingress.2214680975.ipv6_cidr_blocks.#": "0",
                            "ingress.2214680975.prefix_list_ids.#": "0",
                            "ingress.2214680975.protocol": "tcp",
                            "ingress.2214680975.security_groups.#": "0",
                            "ingress.2214680975.self": "false",
                            "ingress.2214680975.to_port": "80",
                            "ingress.2617001939.cidr_blocks.#": "1",
                            "ingress.2617001939.cidr_blocks.0": "0.0.0.0/0",
                            "ingress.2617001939.description": "",
                            "ingress.2617001939.from_port": "443",
                            "ingress.2617001939.ipv6_cidr_blocks.#": "0",
                            "ingress.2617001939.prefix_list_ids.#": "0",
                            "ingress.2617001939.protocol": "tcp",
                            "ingress.2617001939.security_groups.#": "0",
                            "ingress.2617001939.self": "false",
                            "ingress.2617001939.to_port": "443",
                            "name": "mgag_dtr-default",
                            "owner_id": "546848686991",
                            "revoke_rules_on_delete": "false",
                            "tags.%": "8",
                            "tags.expiry": "2018-10-14T20:02:09Z",
                            "tags.mast": "true",
                            "tags.mast.buildTime": "2018-09-21T18:08:08+0000",
                            "tags.mast.commit": "d452e34b5ce037cbf2052996c26854913211913d",
                            "tags.mast.isDevelopment": "false",
                            "tags.systemName": "mgag",
                            "tags.user.arch": "amd64",
                            "tags.user.os": "linux",
                            "vpc_id": "vpc-016b2bba9025d4502"
                        },
                        "meta": {
                            "e2bfb730-ecaa-11e6-8f88-34363bc7c4c0": {
                                "create": 600000000000,
                                "delete": 3600000000000
                            },
                            "schema_version": "1"
                        },
                        "tainted": false
                    },
                    "deposed": [],
                    "provider": "provider.aws"
                },
                "aws_security_group.ee": {
                    "type": "aws_security_group",
                    "depends_on": [
                        "local.enable_kubernetes_cloud_provider",
                        "local.kubernetes_tags",
                        "local.vpc_id"
                    ],
                    "primary": {
                        "id": "sg-0c20765c282c1530c",
                        "attributes": {
                            "arn": "arn:aws:ec2:us-west-2:546848686991:security-group/sg-0c20765c282c1530c",
                            "description": "Default Security Group for Docker EE",
                            "egress.#": "1",
                            "egress.482069346.cidr_blocks.#": "1",
                            "egress.482069346.cidr_blocks.0": "0.0.0.0/0",
                            "egress.482069346.description": "",
                            "egress.482069346.from_port": "0",
                            "egress.482069346.ipv6_cidr_blocks.#": "0",
                            "egress.482069346.prefix_list_ids.#": "0",
                            "egress.482069346.protocol": "-1",
                            "egress.482069346.security_groups.#": "0",
                            "egress.482069346.self": "false",
                            "egress.482069346.to_port": "0",
                            "id": "sg-0c20765c282c1530c",
                            "ingress.#": "12",
                            "ingress.1138479083.cidr_blocks.#": "1",
                            "ingress.1138479083.cidr_blocks.0": "0.0.0.0/0",
                            "ingress.1138479083.description": "",
                            "ingress.1138479083.from_port": "5985",
                            "ingress.1138479083.ipv6_cidr_blocks.#": "0",
                            "ingress.1138479083.prefix_list_ids.#": "0",
                            "ingress.1138479083.protocol": "tcp",
                            "ingress.1138479083.security_groups.#": "0",
                            "ingress.1138479083.self": "false",
                            "ingress.1138479083.to_port": "5985",
                            "ingress.1463360607.cidr_blocks.#": "1",
                            "ingress.1463360607.cidr_blocks.0": "0.0.0.0/0",
                            "ingress.1463360607.description": "",
                            "ingress.1463360607.from_port": "6443",
                            "ingress.1463360607.ipv6_cidr_blocks.#": "0",
                            "ingress.1463360607.prefix_list_ids.#": "0",
                            "ingress.1463360607.protocol": "tcp",
                            "ingress.1463360607.security_groups.#": "0",
                            "ingress.1463360607.self": "false",
                            "ingress.1463360607.to_port": "6443",
                            "ingress.1723607151.cidr_blocks.#": "1",
                            "ingress.1723607151.cidr_blocks.0": "0.0.0.0/0",
                            "ingress.1723607151.description": "",
                            "ingress.1723607151.from_port": "179",
                            "ingress.1723607151.ipv6_cidr_blocks.#": "0",
                            "ingress.1723607151.prefix_list_ids.#": "0",
                            "ingress.1723607151.protocol": "tcp",
                            "ingress.1723607151.security_groups.#": "0",
                            "ingress.1723607151.self": "false",
                            "ingress.1723607151.to_port": "179",
                            "ingress.2223400681.cidr_blocks.#": "1",
                            "ingress.2223400681.cidr_blocks.0": "0.0.0.0/0",
                            "ingress.2223400681.description": "",
                            "ingress.2223400681.from_port": "3389",
                            "ingress.2223400681.ipv6_cidr_blocks.#": "0",
                            "ingress.2223400681.prefix_list_ids.#": "0",
                            "ingress.2223400681.protocol": "tcp",
                            "ingress.2223400681.security_groups.#": "0",
                            "ingress.2223400681.self": "false",
                            "ingress.2223400681.to_port": "3389",
                            "ingress.2541437006.cidr_blocks.#": "1",
                            "ingress.2541437006.cidr_blocks.0": "0.0.0.0/0",
                            "ingress.2541437006.description": "",
                            "ingress.2541437006.from_port": "22",
                            "ingress.2541437006.ipv6_cidr_blocks.#": "0",
                            "ingress.2541437006.prefix_list_ids.#": "0",
                            "ingress.2541437006.protocol": "tcp",
                            "ingress.2541437006.security_groups.#": "0",
                            "ingress.2541437006.self": "false",
                            "ingress.2541437006.to_port": "22",
                            "ingress.2617001939.cidr_blocks.#": "1",
                            "ingress.2617001939.cidr_blocks.0": "0.0.0.0/0",
                            "ingress.2617001939.description": "",
                            "ingress.2617001939.from_port": "443",
                            "ingress.2617001939.ipv6_cidr_blocks.#": "0",
                            "ingress.2617001939.prefix_list_ids.#": "0",
                            "ingress.2617001939.protocol": "tcp",
                            "ingress.2617001939.security_groups.#": "0",
                            "ingress.2617001939.self": "false",
                            "ingress.2617001939.to_port": "443",
                            "ingress.2715662207.cidr_blocks.#": "1",
                            "ingress.2715662207.cidr_blocks.0": "0.0.0.0/0",
                            "ingress.2715662207.description": "",
                            "ingress.2715662207.from_port": "8443",
                            "ingress.2715662207.ipv6_cidr_blocks.#": "0",
                            "ingress.2715662207.prefix_list_ids.#": "0",
                            "ingress.2715662207.protocol": "tcp",
                            "ingress.2715662207.security_groups.#": "0",
                            "ingress.2715662207.self": "false",
                            "ingress.2715662207.to_port": "8443",
                            "ingress.332570261.cidr_blocks.#": "1",
                            "ingress.332570261.cidr_blocks.0": "0.0.0.0/0",
                            "ingress.332570261.description": "",
                            "ingress.332570261.from_port": "8000",
                            "ingress.332570261.ipv6_cidr_blocks.#": "0",
                            "ingress.332570261.prefix_list_ids.#": "0",
                            "ingress.332570261.protocol": "tcp",
                            "ingress.332570261.security_groups.#": "0",
                            "ingress.332570261.self": "false",
                            "ingress.332570261.to_port": "8000",
                            "ingress.3375845224.cidr_blocks.#": "1",
                            "ingress.3375845224.cidr_blocks.0": "0.0.0.0/0",
                            "ingress.3375845224.description": "",
                            "ingress.3375845224.from_port": "5986",
                            "ingress.3375845224.ipv6_cidr_blocks.#": "0",
                            "ingress.3375845224.prefix_list_ids.#": "0",
                            "ingress.3375845224.protocol": "tcp",
                            "ingress.3375845224.security_groups.#": "0",
                            "ingress.3375845224.self": "false",
                            "ingress.3375845224.to_port": "5986",
                            "ingress.3485474627.cidr_blocks.#": "1",
                            "ingress.3485474627.cidr_blocks.0": "0.0.0.0/0",
                            "ingress.3485474627.description": "",
                            "ingress.3485474627.from_port": "0",
                            "ingress.3485474627.ipv6_cidr_blocks.#": "0",
                            "ingress.3485474627.prefix_list_ids.#": "0",
                            "ingress.3485474627.protocol": "4",
                            "ingress.3485474627.security_groups.#": "0",
                            "ingress.3485474627.self": "false",
                            "ingress.3485474627.to_port": "0",
                            "ingress.3909769996.cidr_blocks.#": "1",
                            "ingress.3909769996.cidr_blocks.0": "0.0.0.0/0",
                            "ingress.3909769996.description": "",
                            "ingress.3909769996.from_port": "0",
                            "ingress.3909769996.ipv6_cidr_blocks.#": "0",
                            "ingress.3909769996.prefix_list_ids.#": "0",
                            "ingress.3909769996.protocol": "50",
                            "ingress.3909769996.security_groups.#": "0",
                            "ingress.3909769996.self": "false",
                            "ingress.3909769996.to_port": "0",
                            "ingress.753360330.cidr_blocks.#": "0",
                            "ingress.753360330.description": "",
                            "ingress.753360330.from_port": "0",
                            "ingress.753360330.ipv6_cidr_blocks.#": "0",
                            "ingress.753360330.prefix_list_ids.#": "0",
                            "ingress.753360330.protocol": "-1",
                            "ingress.753360330.security_groups.#": "0",
                            "ingress.753360330.self": "true",
                            "ingress.753360330.to_port": "0",
                            "name": "mgag_ee-default",
                            "owner_id": "546848686991",
                            "revoke_rules_on_delete": "false",
                            "tags.%": "8",
                            "tags.expiry": "2018-10-14T20:02:09Z",
                            "tags.mast": "true",
                            "tags.mast.buildTime": "2018-09-21T18:08:08+0000",
                            "tags.mast.commit": "d452e34b5ce037cbf2052996c26854913211913d",
                            "tags.mast.isDevelopment": "false",
                            "tags.systemName": "mgag",
                            "tags.user.arch": "amd64",
                            "tags.user.os": "linux",
                            "vpc_id": "vpc-016b2bba9025d4502"
                        },
                        "meta": {
                            "e2bfb730-ecaa-11e6-8f88-34363bc7c4c0": {
                                "create": 600000000000,
                                "delete": 3600000000000
                            },
                            "schema_version": "1"
                        },
                        "tainted": false
                    },
                    "deposed": [],
                    "provider": "provider.aws"
                },
                "aws_security_group.lb": {
                    "type": "aws_security_group",
                    "depends_on": [
                        "local.enable_kubernetes_cloud_provider",
                        "local.kubernetes_tags",
                        "local.vpc_id"
                    ],
                    "primary": {
                        "id": "sg-02f53cd49ddef4e5e",
                        "attributes": {
                            "arn": "arn:aws:ec2:us-west-2:546848686991:security-group/sg-02f53cd49ddef4e5e",
                            "description": "Default Security Group for Docker EE ELBs",
                            "egress.#": "1",
                            "egress.482069346.cidr_blocks.#": "1",
                            "egress.482069346.cidr_blocks.0": "0.0.0.0/0",
                            "egress.482069346.description": "",
                            "egress.482069346.from_port": "0",
                            "egress.482069346.ipv6_cidr_blocks.#": "0",
                            "egress.482069346.prefix_list_ids.#": "0",
                            "egress.482069346.protocol": "-1",
                            "egress.482069346.security_groups.#": "0",
                            "egress.482069346.self": "false",
                            "egress.482069346.to_port": "0",
                            "id": "sg-02f53cd49ddef4e5e",
                            "ingress.#": "2",
                            "ingress.1463360607.cidr_blocks.#": "1",
                            "ingress.1463360607.cidr_blocks.0": "0.0.0.0/0",
                            "ingress.1463360607.description": "",
                            "ingress.1463360607.from_port": "6443",
                            "ingress.1463360607.ipv6_cidr_blocks.#": "0",
                            "ingress.1463360607.prefix_list_ids.#": "0",
                            "ingress.1463360607.protocol": "tcp",
                            "ingress.1463360607.security_groups.#": "0",
                            "ingress.1463360607.self": "false",
                            "ingress.1463360607.to_port": "6443",
                            "ingress.2617001939.cidr_blocks.#": "1",
                            "ingress.2617001939.cidr_blocks.0": "0.0.0.0/0",
                            "ingress.2617001939.description": "",
                            "ingress.2617001939.from_port": "443",
                            "ingress.2617001939.ipv6_cidr_blocks.#": "0",
                            "ingress.2617001939.prefix_list_ids.#": "0",
                            "ingress.2617001939.protocol": "tcp",
                            "ingress.2617001939.security_groups.#": "0",
                            "ingress.2617001939.self": "false",
                            "ingress.2617001939.to_port": "443",
                            "name": "mgag_lb-default",
                            "owner_id": "546848686991",
                            "revoke_rules_on_delete": "false",
                            "tags.%": "8",
                            "tags.expiry": "2018-10-14T20:02:09Z",
                            "tags.mast": "true",
                            "tags.mast.buildTime": "2018-09-21T18:08:08+0000",
                            "tags.mast.commit": "d452e34b5ce037cbf2052996c26854913211913d",
                            "tags.mast.isDevelopment": "false",
                            "tags.systemName": "mgag",
                            "tags.user.arch": "amd64",
                            "tags.user.os": "linux",
                            "vpc_id": "vpc-016b2bba9025d4502"
                        },
                        "meta": {
                            "e2bfb730-ecaa-11e6-8f88-34363bc7c4c0": {
                                "create": 600000000000,
                                "delete": 3600000000000
                            },
                            "schema_version": "1"
                        },
                        "tainted": false
                    },
                    "deposed": [],
                    "provider": "provider.aws"
                },
                "aws_subnet.pubsubnet.0": {
                    "type": "aws_subnet",
                    "depends_on": [
                        "data.aws_availability_zones.available",
                        "local.enable_kubernetes_cloud_provider",
                        "local.kubernetes_tags",
                        "local.vpc_id"
                    ],
                    "primary": {
                        "id": "subnet-0ad1577c7a29ba201",
                        "attributes": {
                            "arn": "arn:aws:ec2:us-west-2:546848686991:subnet/subnet-0ad1577c7a29ba201",
                            "assign_ipv6_address_on_creation": "false",
                            "availability_zone": "us-west-2a",
                            "cidr_block": "172.31.0.0/20",
                            "id": "subnet-0ad1577c7a29ba201",
                            "map_public_ip_on_launch": "true",
                            "tags.%": "9",
                            "tags.Name": "mgag-Subnet-1",
                            "tags.expiry": "2018-10-14T20:02:09Z",
                            "tags.mast": "true",
                            "tags.mast.buildTime": "2018-09-21T18:08:08+0000",
                            "tags.mast.commit": "d452e34b5ce037cbf2052996c26854913211913d",
                            "tags.mast.isDevelopment": "false",
                            "tags.systemName": "mgag",
                            "tags.user.arch": "amd64",
                            "tags.user.os": "linux",
                            "vpc_id": "vpc-016b2bba9025d4502"
                        },
                        "meta": {
                            "schema_version": "1"
                        },
                        "tainted": false
                    },
                    "deposed": [],
                    "provider": "provider.aws"
                },
                "aws_subnet.pubsubnet.1": {
                    "type": "aws_subnet",
                    "depends_on": [
                        "data.aws_availability_zones.available",
                        "local.enable_kubernetes_cloud_provider",
                        "local.kubernetes_tags",
                        "local.vpc_id"
                    ],
                    "primary": {
                        "id": "subnet-0f1c08a1a148022d6",
                        "attributes": {
                            "arn": "arn:aws:ec2:us-west-2:546848686991:subnet/subnet-0f1c08a1a148022d6",
                            "assign_ipv6_address_on_creation": "false",
                            "availability_zone": "us-west-2b",
                            "cidr_block": "172.31.16.0/20",
                            "id": "subnet-0f1c08a1a148022d6",
                            "map_public_ip_on_launch": "true",
                            "tags.%": "9",
                            "tags.Name": "mgag-Subnet-2",
                            "tags.expiry": "2018-10-14T20:02:09Z",
                            "tags.mast": "true",
                            "tags.mast.buildTime": "2018-09-21T18:08:08+0000",
                            "tags.mast.commit": "d452e34b5ce037cbf2052996c26854913211913d",
                            "tags.mast.isDevelopment": "false",
                            "tags.systemName": "mgag",
                            "tags.user.arch": "amd64",
                            "tags.user.os": "linux",
                            "vpc_id": "vpc-016b2bba9025d4502"
                        },
                        "meta": {
                            "schema_version": "1"
                        },
                        "tainted": false
                    },
                    "deposed": [],
                    "provider": "provider.aws"
                },
                "aws_subnet.pubsubnet.2": {
                    "type": "aws_subnet",
                    "depends_on": [
                        "data.aws_availability_zones.available",
                        "local.enable_kubernetes_cloud_provider",
                        "local.kubernetes_tags",
                        "local.vpc_id"
                    ],
                    "primary": {
                        "id": "subnet-036ee4ba2374f9204",
                        "attributes": {
                            "arn": "arn:aws:ec2:us-west-2:546848686991:subnet/subnet-036ee4ba2374f9204",
                            "assign_ipv6_address_on_creation": "false",
                            "availability_zone": "us-west-2c",
                            "cidr_block": "172.31.32.0/20",
                            "id": "subnet-036ee4ba2374f9204",
                            "map_public_ip_on_launch": "true",
                            "tags.%": "9",
                            "tags.Name": "mgag-Subnet-3",
                            "tags.expiry": "2018-10-14T20:02:09Z",
                            "tags.mast": "true",
                            "tags.mast.buildTime": "2018-09-21T18:08:08+0000",
                            "tags.mast.commit": "d452e34b5ce037cbf2052996c26854913211913d",
                            "tags.mast.isDevelopment": "false",
                            "tags.systemName": "mgag",
                            "tags.user.arch": "amd64",
                            "tags.user.os": "linux",
                            "vpc_id": "vpc-016b2bba9025d4502"
                        },
                        "meta": {
                            "schema_version": "1"
                        },
                        "tainted": false
                    },
                    "deposed": [],
                    "provider": "provider.aws"
                },
                "aws_vpc.docker": {
                    "type": "aws_vpc",
                    "depends_on": [
                        "local.create_vpc"
                    ],
                    "primary": {
                        "id": "vpc-016b2bba9025d4502",
                        "attributes": {
                            "arn": "arn:aws:ec2:us-west-2:546848686991:vpc/vpc-016b2bba9025d4502",
                            "assign_generated_ipv6_cidr_block": "false",
                            "cidr_block": "172.31.0.0/16",
                            "default_network_acl_id": "acl-00fcf02f54e119192",
                            "default_route_table_id": "rtb-0f9576b384213529c",
                            "default_security_group_id": "sg-06ed9ef6c5eb879d4",
                            "dhcp_options_id": "dopt-ffd6309a",
                            "enable_classiclink": "false",
                            "enable_classiclink_dns_support": "false",
                            "enable_dns_hostnames": "true",
                            "enable_dns_support": "true",
                            "id": "vpc-016b2bba9025d4502",
                            "instance_tenancy": "default",
                            "main_route_table_id": "rtb-0f9576b384213529c",
                            "tags.%": "9",
                            "tags.Name": "mgag-vpc",
                            "tags.expiry": "2018-10-14T20:02:09Z",
                            "tags.mast": "true",
                            "tags.mast.buildTime": "2018-09-21T18:08:08+0000",
                            "tags.mast.commit": "d452e34b5ce037cbf2052996c26854913211913d",
                            "tags.mast.isDevelopment": "false",
                            "tags.systemName": "mgag",
                            "tags.user.arch": "amd64",
                            "tags.user.os": "linux"
                        },
                        "meta": {
                            "schema_version": "1"
                        },
                        "tainted": false
                    },
                    "deposed": [],
                    "provider": "provider.aws"
                },
                "data.aws_ami.linux_ami": {
                    "type": "aws_ami",
                    "depends_on": [],
                    "primary": {
                        "id": "ami-0e7f51c052c677724",
                        "attributes": {
                            "architecture": "x86_64",
                            "block_device_mappings.#": "3",
                            "block_device_mappings.1634610537.device_name": "/dev/sdb",
                            "block_device_mappings.1634610537.ebs.%": "0",
                            "block_device_mappings.1634610537.no_device": "",
                            "block_device_mappings.1634610537.virtual_name": "ephemeral0",
                            "block_device_mappings.3650893912.device_name": "/dev/sda1",
                            "block_device_mappings.3650893912.ebs.%": "6",
                            "block_device_mappings.3650893912.ebs.delete_on_termination": "false",
                            "block_device_mappings.3650893912.ebs.encrypted": "false",
                            "block_device_mappings.3650893912.ebs.iops": "0",
                            "block_device_mappings.3650893912.ebs.snapshot_id": "snap-0b3e4726b61531e96",
                            "block_device_mappings.3650893912.ebs.volume_size": "40",
                            "block_device_mappings.3650893912.ebs.volume_type": "standard",
                            "block_device_mappings.3650893912.no_device": "",
                            "block_device_mappings.3650893912.virtual_name": "",
                            "block_device_mappings.3850042718.device_name": "/dev/sdc",
                            "block_device_mappings.3850042718.ebs.%": "0",
                            "block_device_mappings.3850042718.no_device": "",
                            "block_device_mappings.3850042718.virtual_name": "ephemeral1",
                            "creation_date": "2018-09-13T21:53:34.000Z",
                            "filter.#": "2",
                            "filter.2836067403.name": "owner-id",
                            "filter.2836067403.values.#": "1",
                            "filter.2836067403.values.0": "546848686991",
                            "filter.3011056451.name": "name",
                            "filter.3011056451.values.#": "1",
                            "filter.3011056451.values.0": "testkit/ubuntu_18.04/*",
                            "hypervisor": "xen",
                            "id": "ami-0e7f51c052c677724",
                            "image_id": "ami-0e7f51c052c677724",
                            "image_location": "546848686991/testkit/ubuntu_18.04/1536875262",
                            "image_type": "machine",
                            "most_recent": "true",
                            "name": "testkit/ubuntu_18.04/1536875262",
                            "owner_id": "546848686991",
                            "product_codes.#": "0",
                            "public": "false",
                            "root_device_name": "/dev/sda1",
                            "root_device_type": "ebs",
                            "root_snapshot_id": "snap-0b3e4726b61531e96",
                            "sriov_net_support": "simple",
                            "state": "available",
                            "state_reason.%": "2",
                            "state_reason.code": "UNSET",
                            "state_reason.message": "UNSET",
                            "tags.%": "4",
                            "tags.Build_Number": "none",
                            "tags.Git_SHA": "none",
                            "tags.Name": "ubuntu_18.04",
                            "tags.Promotion_State": "unpromoted",
                            "virtualization_type": "hvm"
                        },
                        "meta": {},
                        "tainted": false
                    },
                    "deposed": [],
                    "provider": "provider.aws"
                },
                "data.aws_ami.windows_ami": {
                    "type": "aws_ami",
                    "depends_on": [],
                    "primary": {
                        "id": "ami-c1de06b9",
                        "attributes": {
                            "architecture": "x86_64",
                            "block_device_mappings.#": "27",
                            "block_device_mappings.1016747457.device_name": "/dev/sda1",
                            "block_device_mappings.1016747457.ebs.%": "6",
                            "block_device_mappings.1016747457.ebs.delete_on_termination": "true",
                            "block_device_mappings.1016747457.ebs.encrypted": "false",
                            "block_device_mappings.1016747457.ebs.iops": "0",
                            "block_device_mappings.1016747457.ebs.snapshot_id": "snap-0649ed34fed7c4006",
                            "block_device_mappings.1016747457.ebs.volume_size": "30",
                            "block_device_mappings.1016747457.ebs.volume_type": "gp2",
                            "block_device_mappings.1016747457.no_device": "",
                            "block_device_mappings.1016747457.virtual_name": "",
                            "block_device_mappings.1059705198.device_name": "xvdcq",
                            "block_device_mappings.1059705198.ebs.%": "0",
                            "block_device_mappings.1059705198.no_device": "",
                            "block_device_mappings.1059705198.virtual_name": "ephemeral16",
                            "block_device_mappings.1243518129.device_name": "xvdck",
                            "block_device_mappings.1243518129.ebs.%": "0",
                            "block_device_mappings.1243518129.no_device": "",
                            "block_device_mappings.1243518129.virtual_name": "ephemeral10",
                            "block_device_mappings.1387559417.device_name": "xvdcn",
                            "block_device_mappings.1387559417.ebs.%": "0",
                            "block_device_mappings.1387559417.no_device": "",
                            "block_device_mappings.1387559417.virtual_name": "ephemeral13",
                            "block_device_mappings.1523720897.device_name": "xvdcm",
                            "block_device_mappings.1523720897.ebs.%": "0",
                            "block_device_mappings.1523720897.no_device": "",
                            "block_device_mappings.1523720897.virtual_name": "ephemeral12",
                            "block_device_mappings.153898353.device_name": "xvdcs",
                            "block_device_mappings.153898353.ebs.%": "0",
                            "block_device_mappings.153898353.no_device": "",
                            "block_device_mappings.153898353.virtual_name": "ephemeral18",
                            "block_device_mappings.1718683500.device_name": "xvdca",
                            "block_device_mappings.1718683500.ebs.%": "0",
                            "block_device_mappings.1718683500.no_device": "",
                            "block_device_mappings.1718683500.virtual_name": "ephemeral0",
                            "block_device_mappings.2079948481.device_name": "xvdcw",
                            "block_device_mappings.2079948481.ebs.%": "0",
                            "block_device_mappings.2079948481.no_device": "",
                            "block_device_mappings.2079948481.virtual_name": "ephemeral22",
                            "block_device_mappings.2127256041.device_name": "xvdcf",
                            "block_device_mappings.2127256041.ebs.%": "0",
                            "block_device_mappings.2127256041.no_device": "",
                            "block_device_mappings.2127256041.virtual_name": "ephemeral5",
                            "block_device_mappings.2271637227.device_name": "xvdch",
                            "block_device_mappings.2271637227.ebs.%": "0",
                            "block_device_mappings.2271637227.no_device": "",
                            "block_device_mappings.2271637227.virtual_name": "ephemeral7",
                            "block_device_mappings.2335601450.device_name": "xvdct",
                            "block_device_mappings.2335601450.ebs.%": "0",
                            "block_device_mappings.2335601450.no_device": "",
                            "block_device_mappings.2335601450.virtual_name": "ephemeral19",
                            "block_device_mappings.2649854802.device_name": "xvdci",
                            "block_device_mappings.2649854802.ebs.%": "0",
                            "block_device_mappings.2649854802.no_device": "",
                            "block_device_mappings.2649854802.virtual_name": "ephemeral8",
                            "block_device_mappings.2752394454.device_name": "xvdco",
                            "block_device_mappings.2752394454.ebs.%": "0",
                            "block_device_mappings.2752394454.no_device": "",
                            "block_device_mappings.2752394454.virtual_name": "ephemeral14",
                            "block_device_mappings.2919192901.device_name": "xvdcp",
                            "block_device_mappings.2919192901.ebs.%": "0",
                            "block_device_mappings.2919192901.no_device": "",
                            "block_device_mappings.2919192901.virtual_name": "ephemeral15",
                            "block_device_mappings.3039404355.device_name": "xvdcc",
                            "block_device_mappings.3039404355.ebs.%": "0",
                            "block_device_mappings.3039404355.no_device": "",
                            "block_device_mappings.3039404355.virtual_name": "ephemeral2",
                            "block_device_mappings.3234906418.device_name": "xvdcy",
                            "block_device_mappings.3234906418.ebs.%": "0",
                            "block_device_mappings.3234906418.no_device": "",
                            "block_device_mappings.3234906418.virtual_name": "ephemeral24",
                            "block_device_mappings.3355749098.device_name": "xvdcl",
                            "block_device_mappings.3355749098.ebs.%": "0",
                            "block_device_mappings.3355749098.no_device": "",
                            "block_device_mappings.3355749098.virtual_name": "ephemeral11",
                            "block_device_mappings.3367410186.device_name": "xvdcz",
                            "block_device_mappings.3367410186.ebs.%": "0",
                            "block_device_mappings.3367410186.no_device": "",
                            "block_device_mappings.3367410186.virtual_name": "ephemeral25",
                            "block_device_mappings.3370773340.device_name": "xvdcg",
                            "block_device_mappings.3370773340.ebs.%": "0",
                            "block_device_mappings.3370773340.no_device": "",
                            "block_device_mappings.3370773340.virtual_name": "ephemeral6",
                            "block_device_mappings.3388947138.device_name": "xvdcd",
                            "block_device_mappings.3388947138.ebs.%": "0",
                            "block_device_mappings.3388947138.no_device": "",
                            "block_device_mappings.3388947138.virtual_name": "ephemeral3",
                            "block_device_mappings.3779702226.device_name": "xvdcu",
                            "block_device_mappings.3779702226.ebs.%": "0",
                            "block_device_mappings.3779702226.no_device": "",
                            "block_device_mappings.3779702226.virtual_name": "ephemeral20",
                            "block_device_mappings.3912234730.device_name": "xvdcv",
                            "block_device_mappings.3912234730.ebs.%": "0",
                            "block_device_mappings.3912234730.no_device": "",
                            "block_device_mappings.3912234730.virtual_name": "ephemeral21",
                            "block_device_mappings.4169893832.device_name": "xvdcj",
                            "block_device_mappings.4169893832.ebs.%": "0",
                            "block_device_mappings.4169893832.no_device": "",
                            "block_device_mappings.4169893832.virtual_name": "ephemeral9",
                            "block_device_mappings.464604531.device_name": "xvdce",
                            "block_device_mappings.464604531.ebs.%": "0",
                            "block_device_mappings.464604531.no_device": "",
                            "block_device_mappings.464604531.virtual_name": "ephemeral4",
                            "block_device_mappings.51057654.device_name": "xvdcb",
                            "block_device_mappings.51057654.ebs.%": "0",
                            "block_device_mappings.51057654.no_device": "",
                            "block_device_mappings.51057654.virtual_name": "ephemeral1",
                            "block_device_mappings.912952349.device_name": "xvdcx",
                            "block_device_mappings.912952349.ebs.%": "0",
                            "block_device_mappings.912952349.no_device": "",
                            "block_device_mappings.912952349.virtual_name": "ephemeral23",
                            "block_device_mappings.927959638.device_name": "xvdcr",
                            "block_device_mappings.927959638.ebs.%": "0",
                            "block_device_mappings.927959638.no_device": "",
                            "block_device_mappings.927959638.virtual_name": "ephemeral17",
                            "creation_date": "2017-12-01T00:39:06.000Z",
                            "description": "Microsoft Windows Server 2016 with Containers Locale English AMI provided by Amazon",
                            "filter.#": "3",
                            "filter.2367245018.name": "name",
                            "filter.2367245018.values.#": "1",
                            "filter.2367245018.values.0": "Windows_Server-2016-English-Full-Containers-2017.11.29",
                            "filter.4132412337.name": "platform",
                            "filter.4132412337.values.#": "1",
                            "filter.4132412337.values.0": "windows",
                            "filter.860475592.name": "owner-id",
                            "filter.860475592.values.#": "1",
                            "filter.860475592.values.0": "801119661308",
                            "hypervisor": "xen",
                            "id": "ami-c1de06b9",
                            "image_id": "ami-c1de06b9",
                            "image_location": "amazon/Windows_Server-2016-English-Full-Containers-2017.11.29",
                            "image_owner_alias": "amazon",
                            "image_type": "machine",
                            "most_recent": "true",
                            "name": "Windows_Server-2016-English-Full-Containers-2017.11.29",
                            "owner_id": "801119661308",
                            "platform": "windows",
                            "product_codes.#": "0",
                            "public": "true",
                            "root_device_name": "/dev/sda1",
                            "root_device_type": "ebs",
                            "root_snapshot_id": "snap-0649ed34fed7c4006",
                            "sriov_net_support": "simple",
                            "state": "available",
                            "state_reason.%": "2",
                            "state_reason.code": "UNSET",
                            "state_reason.message": "UNSET",
                            "tags.%": "0",
                            "virtualization_type": "hvm"
                        },
                        "meta": {},
                        "tainted": false
                    },
                    "deposed": [],
                    "provider": "provider.aws"
                },
                "data.aws_availability_zones.available": {
                    "type": "aws_availability_zones",
                    "depends_on": [],
                    "primary": {
                        "id": "2018-10-11 20:02:11.518299736 +0000 UTC",
                        "attributes": {
                            "id": "2018-10-11 20:02:11.518299736 +0000 UTC",
                            "names.#": "3",
                            "names.0": "us-west-2a",
                            "names.1": "us-west-2b",
                            "names.2": "us-west-2c"
                        },
                        "meta": {},
                        "tainted": false
                    },
                    "deposed": [],
                    "provider": "provider.aws"
                },
                "data.aws_caller_identity.current": {
                    "type": "aws_caller_identity",
                    "depends_on": [],
                    "primary": {
                        "id": "2018-10-11 20:02:11.754299281 +0000 UTC",
                        "attributes": {
                            "account_id": "546848686991",
                            "arn": "arn:aws:iam::546848686991:user/martin-guthrie-docker",
                            "id": "2018-10-11 20:02:11.754299281 +0000 UTC",
                            "user_id": "AIDAJYTPRVRBCWVYSRKVS"
                        },
                        "meta": {},
                        "tainted": false
                    },
                    "deposed": [],
                    "provider": "provider.aws"
                },
                "data.template_file.extra_opts": {
                    "type": "template_file",
                    "depends_on": [
                        "aws_s3_bucket.dtr_storage_bucket.*",
                        "local.aws_efs_gp",
                        "local.aws_efs_maxio",
                        "local.aws_kubernetes_efs_gp",
                        "local.aws_kubernetes_efs_maxio",
                        "local.enable_kubernetes_cloud_provider",
                        "random_string.aws_stack_id"
                    ],
                    "primary": {
                        "id": "cdfa3c068ee66c3c313a4d5c60fcf2d5e7fc44184a0e909a0fe637389e7b82d4",
                        "attributes": {
                            "id": "cdfa3c068ee66c3c313a4d5c60fcf2d5e7fc44184a0e909a0fe637389e7b82d4",
                            "rendered": "aws_region=us-west-2\naws_dtr_storage_bucket=mgag-dtrstorage-20181011200216503400000001\n\ncloudstor_plugin_options=\"CLOUD_PLATFORM=AWS EFS_ID_REGULAR= EFS_ID_MAXIO= EFS_SUPPORTED=0 AWS_STACK_ID=cpjpJ55S4Zw6lzO4 AWS_REGION=us-west-2\"\n\ndocker_storage_volume=\"/dev/xvdb\"\n\nenable_kubernetes_cloud_provider=False\nenable_kubernetes_aws_ebs=False\nenable_kubernetes_aws_efs=False\nenable_kubernetes_aws_load_balancer=False\nkubernetes_aws_efs_gp=\"\"\nkubernetes_aws_efs_maxio=\"\"\n\n",
                            "template": "aws_region=${region}\naws_dtr_storage_bucket=${dtr_storage_bucket}\n\ncloudstor_plugin_options=\"CLOUD_PLATFORM=AWS EFS_ID_REGULAR=${efs_gp} EFS_ID_MAXIO=${efs_maxio} EFS_SUPPORTED=${efs_supported} AWS_STACK_ID=${stack_id} AWS_REGION=${region}\"\n\ndocker_storage_volume=\"/dev/xvdb\"\n\nenable_kubernetes_cloud_provider=${kubernetes_cloud_provider}\nenable_kubernetes_aws_ebs=${kubernetes_aws_ebs}\nenable_kubernetes_aws_efs=${kubernetes_aws_efs}\nenable_kubernetes_aws_load_balancer=${kubernetes_aws_load_balancer}\nkubernetes_aws_efs_gp=\"${kubernetes_aws_efs_gp}\"\nkubernetes_aws_efs_maxio=\"${kubernetes_aws_efs_maxio}\"\n\n",
                            "vars.%": "12",
                            "vars.dtr_storage_bucket": "mgag-dtrstorage-20181011200216503400000001",
                            "vars.efs_gp": "",
                            "vars.efs_maxio": "",
                            "vars.efs_supported": "0",
                            "vars.kubernetes_aws_ebs": "False",
                            "vars.kubernetes_aws_efs": "False",
                            "vars.kubernetes_aws_efs_gp": "",
                            "vars.kubernetes_aws_efs_maxio": "",
                            "vars.kubernetes_aws_load_balancer": "False",
                            "vars.kubernetes_cloud_provider": "False",
                            "vars.region": "us-west-2",
                            "vars.stack_id": "cpjpJ55S4Zw6lzO4"
                        },
                        "meta": {},
                        "tainted": false
                    },
                    "deposed": [],
                    "provider": "provider.template"
                },
                "random_string.aws_stack_id": {
                    "type": "random_string",
                    "depends_on": [],
                    "primary": {
                        "id": "none",
                        "attributes": {
                            "id": "none",
                            "length": "16",
                            "lower": "true",
                            "min_lower": "0",
                            "min_numeric": "0",
                            "min_special": "0",
                            "min_upper": "0",
                            "number": "true",
                            "result": "cpjpJ55S4Zw6lzO4",
                            "special": "false",
                            "upper": "true"
                        },
                        "meta": {
                            "schema_version": "1"
                        },
                        "tainted": false
                    },
                    "deposed": [],
                    "provider": "provider.random"
                },
                "random_string.ucp_password": {
                    "type": "random_string",
                    "depends_on": [],
                    "primary": {
                        "id": "none",
                        "attributes": {
                            "id": "none",
                            "keepers.%": "1",
                            "keepers.deployment": "mgag",
                            "length": "12",
                            "lower": "true",
                            "min_lower": "0",
                            "min_numeric": "0",
                            "min_special": "0",
                            "min_upper": "0",
                            "number": "true",
                            "result": "0dTWxRize3ZV",
                            "special": "false",
                            "upper": "true"
                        },
                        "meta": {
                            "schema_version": "1"
                        },
                        "tainted": false
                    },
                    "deposed": [],
                    "provider": "provider.random"
                },
                "random_string.windows_password": {
                    "type": "random_string",
                    "depends_on": [],
                    "primary": {
                        "id": "none",
                        "attributes": {
                            "id": "none",
                            "keepers.%": "1",
                            "keepers.deployment": "mgag",
                            "length": "16",
                            "lower": "true",
                            "min_lower": "0",
                            "min_numeric": "0",
                            "min_special": "0",
                            "min_upper": "0",
                            "number": "true",
                            "result": "OY3rV6mSSVYxz7zr",
                            "special": "false",
                            "upper": "true"
                        },
                        "meta": {
                            "schema_version": "1"
                        },
                        "tainted": false
                    },
                    "deposed": [],
                    "provider": "provider.random"
                }
            },
            "depends_on": []
        },
        {
            "path": [
                "root",
                "inventory"
            ],
            "outputs": {
                "hosts_content": {
                    "sensitive": false,
                    "type": "string",
                    "value": "# This hostfile has been generated by terraform.\n\n[linux-ucp-manager-primary]\ni-0dc78492b42702fa5 ansible_user=docker ansible_host=54.202.38.187\n\n[linux-ucp-manager-replicas]\n\n\n[linux-dtr-worker-primary]\ni-0a8d5c7224a6f4716 ansible_user=docker ansible_host=54.214.205.186\n\n[linux-dtr-worker-replicas]\n\n\n[linux-workers]\ni-04f15b776742630a8 ansible_user=docker ansible_host=34.221.156.173\n\n[windows-workers]\n\n\n[linux-databases]\n\n\n[linux-build-servers]\n\n\n[windows-databases]\n\n\n[windows-build-servers]\n\n\n[all:vars]\ninfra_stack=aws\ndocker_ucp_lb=mgag-ucp-f7295da70e433929.elb.us-west-2.amazonaws.com\ndocker_dtr_lb=mgag-dtr-4f6012d2049be9eb.elb.us-west-2.amazonaws.com\naws_region=us-west-2\naws_dtr_storage_bucket=mgag-dtrstorage-20181011200216503400000001\n\ncloudstor_plugin_options=\"CLOUD_PLATFORM=AWS EFS_ID_REGULAR= EFS_ID_MAXIO= EFS_SUPPORTED=0 AWS_STACK_ID=cpjpJ55S4Zw6lzO4 AWS_REGION=us-west-2\"\n\ndocker_storage_volume=\"/dev/xvdb\"\n\nenable_kubernetes_cloud_provider=False\nenable_kubernetes_aws_ebs=False\nenable_kubernetes_aws_efs=False\nenable_kubernetes_aws_load_balancer=False\nkubernetes_aws_efs_gp=\"\"\nkubernetes_aws_efs_maxio=\"\"\n\n\ncloudstor_plugin_version=1.0\n#docker_dtr_ca_file=\n#docker_dtr_cert_file=\ndocker_dtr_image_repository=docker\n#docker_dtr_key_file=\n#docker_dtr_replica_id=\ndocker_dtr_version=latest\n#docker_ee_package_version=\n#docker_ee_package_version_win=\ndocker_ee_release_channel=stable\ndocker_ee_repo=https://storebits.docker.com/ee\n#docker_ee_repository_url=\n#docker_ee_package_url_win=\n#docker_ee_subscriptions_centos=\n#docker_ee_subscriptions_oracle=\n#docker_ee_subscriptions_redhat=\n#docker_ee_subscriptions_sles=\n#docker_ee_subscriptions_ubuntu=\n#docker_ee_version=\n#docker_hub_id=\n#docker_hub_password=\n#docker_storage_driver=\n#docker_storage_fstype=\n#docker_storage_volume=\n#docker_swarm_listen_address=\ndocker_ucp_admin_password=0dTWxRize3ZV\ndocker_ucp_admin_username=admin\n#docker_ucp_ca_file=\n#docker_ucp_cert_file=\n#docker_ucp_key_file=\ndocker_ucp_image_repository=docker\n#docker_ucp_license_path=\n#docker_ucp_version=\n#dev_registry_username=\n#dev_registry_password=\n#use_dev_version=\n\n[linux]\n\n[linux:vars]\nansible_ssh_private_key_file=/root/.mast/id_rsa\n\n[ucp-load-balancer]\n\n\n[dtr-load-balancer]\n\n"
                },
                "hosts_file": {
                    "sensitive": false,
                    "type": "string",
                    "value": "Ansible hosts file location: /root/.mast/mgag/inventory/1.hosts"
                }
            },
            "resources": {
                "data.template_file.inventory": {
                    "type": "template_file",
                    "depends_on": [
                        "local.linux_dtr_worker_primary_ip",
                        "local.linux_dtr_worker_primary_name",
                        "local.linux_dtr_worker_replica_ips",
                        "local.linux_dtr_worker_replica_names",
                        "local.linux_ucp_manager_primary_ip",
                        "local.linux_ucp_manager_primary_name",
                        "local.linux_ucp_manager_replica_ips",
                        "local.linux_ucp_manager_replica_names",
                        "local.load_balancers"
                    ],
                    "primary": {
                        "id": "82efd6051074c76f2a2d22c7d7188bfd5394816ab6786283800d9f462e981085",
                        "attributes": {
                            "id": "82efd6051074c76f2a2d22c7d7188bfd5394816ab6786283800d9f462e981085",
                            "rendered": "# This hostfile has been generated by terraform.\n\n[linux-ucp-manager-primary]\ni-0dc78492b42702fa5 ansible_user=docker ansible_host=54.202.38.187\n\n[linux-ucp-manager-replicas]\n\n\n[linux-dtr-worker-primary]\ni-0a8d5c7224a6f4716 ansible_user=docker ansible_host=54.214.205.186\n\n[linux-dtr-worker-replicas]\n\n\n[linux-workers]\ni-04f15b776742630a8 ansible_user=docker ansible_host=34.221.156.173\n\n[windows-workers]\n\n\n[linux-databases]\n\n\n[linux-build-servers]\n\n\n[windows-databases]\n\n\n[windows-build-servers]\n\n\n[all:vars]\ninfra_stack=aws\ndocker_ucp_lb=mgag-ucp-f7295da70e433929.elb.us-west-2.amazonaws.com\ndocker_dtr_lb=mgag-dtr-4f6012d2049be9eb.elb.us-west-2.amazonaws.com\naws_region=us-west-2\naws_dtr_storage_bucket=mgag-dtrstorage-20181011200216503400000001\n\ncloudstor_plugin_options=\"CLOUD_PLATFORM=AWS EFS_ID_REGULAR= EFS_ID_MAXIO= EFS_SUPPORTED=0 AWS_STACK_ID=cpjpJ55S4Zw6lzO4 AWS_REGION=us-west-2\"\n\ndocker_storage_volume=\"/dev/xvdb\"\n\nenable_kubernetes_cloud_provider=False\nenable_kubernetes_aws_ebs=False\nenable_kubernetes_aws_efs=False\nenable_kubernetes_aws_load_balancer=False\nkubernetes_aws_efs_gp=\"\"\nkubernetes_aws_efs_maxio=\"\"\n\n\ncloudstor_plugin_version=1.0\n#docker_dtr_ca_file=\n#docker_dtr_cert_file=\ndocker_dtr_image_repository=docker\n#docker_dtr_key_file=\n#docker_dtr_replica_id=\ndocker_dtr_version=latest\n#docker_ee_package_version=\n#docker_ee_package_version_win=\ndocker_ee_release_channel=stable\ndocker_ee_repo=https://storebits.docker.com/ee\n#docker_ee_repository_url=\n#docker_ee_package_url_win=\n#docker_ee_subscriptions_centos=\n#docker_ee_subscriptions_oracle=\n#docker_ee_subscriptions_redhat=\n#docker_ee_subscriptions_sles=\n#docker_ee_subscriptions_ubuntu=\n#docker_ee_version=\n#docker_hub_id=\n#docker_hub_password=\n#docker_storage_driver=\n#docker_storage_fstype=\n#docker_storage_volume=\n#docker_swarm_listen_address=\ndocker_ucp_admin_password=0dTWxRize3ZV\ndocker_ucp_admin_username=admin\n#docker_ucp_ca_file=\n#docker_ucp_cert_file=\n#docker_ucp_key_file=\ndocker_ucp_image_repository=docker\n#docker_ucp_license_path=\n#docker_ucp_version=\n#dev_registry_username=\n#dev_registry_password=\n#use_dev_version=\n\n[linux]\n\n[linux:vars]\nansible_ssh_private_key_file=/root/.mast/id_rsa\n\n[ucp-load-balancer]\n\n\n[dtr-load-balancer]\n\n",
                            "template": "# This hostfile has been generated by terraform.\n\n[linux-ucp-manager-primary]\n${linux_manager_primary}\n\n[linux-ucp-manager-replicas]\n${linux_manager_replicas}\n\n[linux-dtr-worker-primary]\n${linux_dtr_primary}\n\n[linux-dtr-worker-replicas]\n${linux_dtr_replicas}\n\n[linux-workers]\n${linux_workers}\n\n[windows-workers]\n${windows_workers}\n\n[linux-databases]\n${linux_databases}\n\n[linux-build-servers]\n${linux_build}\n\n[windows-databases]\n${windows_databases}\n\n[windows-build-servers]\n${windows_build}\n\n[all:vars]\ninfra_stack=${infra_stack}\n${load_balancers}\n${extra_vars}\n${cloudstor_plugin_version}\n${docker_dtr_ca_file}\n${docker_dtr_cert_file}\n${docker_dtr_image_repository}\n${docker_dtr_key_file}\n${docker_dtr_replica_id}\n${docker_dtr_version}\n${docker_ee_package_version}\n${docker_ee_package_version_win}\n${docker_ee_release_channel}\n${docker_ee_repo}\n${docker_ee_repository_url}\n${docker_ee_package_url_win}\n${docker_ee_subscriptions_centos}\n${docker_ee_subscriptions_oracle}\n${docker_ee_subscriptions_redhat}\n${docker_ee_subscriptions_sles}\n${docker_ee_subscriptions_ubuntu}\n${docker_ee_version}\n${docker_hub_id}\n${docker_hub_password}\n${docker_storage_driver}\n${docker_storage_fstype}\n${docker_storage_volume}\n${docker_swarm_listen_address}\n${docker_ucp_admin_password}\n${docker_ucp_admin_username}\n${docker_ucp_ca_file}\n${docker_ucp_cert_file}\n${docker_ucp_key_file}\n${docker_ucp_image_repository}\n${docker_ucp_license_path}\n${docker_ucp_version}\n${dev_registry_username}\n${dev_registry_password}\n${use_dev_version}\n\n[linux]\n\n[linux:vars]\nansible_ssh_private_key_file=${private_key_file}\n\n[ucp-load-balancer]\n${linux_ucp_lbs}\n\n[dtr-load-balancer]\n${linux_dtr_lbs}\n",
                            "vars.%": "52",
                            "vars.cloudstor_plugin_version": "cloudstor_plugin_version=1.0",
                            "vars.dev_registry_password": "#dev_registry_password=",
                            "vars.dev_registry_username": "#dev_registry_username=",
                            "vars.docker_dtr_ca_file": "#docker_dtr_ca_file=",
                            "vars.docker_dtr_cert_file": "#docker_dtr_cert_file=",
                            "vars.docker_dtr_image_repository": "docker_dtr_image_repository=docker",
                            "vars.docker_dtr_key_file": "#docker_dtr_key_file=",
                            "vars.docker_dtr_replica_id": "#docker_dtr_replica_id=",
                            "vars.docker_dtr_version": "docker_dtr_version=latest",
                            "vars.docker_ee_package_url_win": "#docker_ee_package_url_win=",
                            "vars.docker_ee_package_version": "#docker_ee_package_version=",
                            "vars.docker_ee_package_version_win": "#docker_ee_package_version_win=",
                            "vars.docker_ee_release_channel": "docker_ee_release_channel=stable",
                            "vars.docker_ee_repo": "docker_ee_repo=https://storebits.docker.com/ee",
                            "vars.docker_ee_repository_url": "#docker_ee_repository_url=",
                            "vars.docker_ee_subscriptions_centos": "#docker_ee_subscriptions_centos=",
                            "vars.docker_ee_subscriptions_oracle": "#docker_ee_subscriptions_oracle=",
                            "vars.docker_ee_subscriptions_redhat": "#docker_ee_subscriptions_redhat=",
                            "vars.docker_ee_subscriptions_sles": "#docker_ee_subscriptions_sles=",
                            "vars.docker_ee_subscriptions_ubuntu": "#docker_ee_subscriptions_ubuntu=",
                            "vars.docker_ee_version": "#docker_ee_version=",
                            "vars.docker_hub_id": "#docker_hub_id=",
                            "vars.docker_hub_password": "#docker_hub_password=",
                            "vars.docker_storage_driver": "#docker_storage_driver=",
                            "vars.docker_storage_fstype": "#docker_storage_fstype=",
                            "vars.docker_storage_volume": "#docker_storage_volume=",
                            "vars.docker_swarm_listen_address": "#docker_swarm_listen_address=",
                            "vars.docker_ucp_admin_password": "docker_ucp_admin_password=0dTWxRize3ZV",
                            "vars.docker_ucp_admin_username": "docker_ucp_admin_username=admin",
                            "vars.docker_ucp_ca_file": "#docker_ucp_ca_file=",
                            "vars.docker_ucp_cert_file": "#docker_ucp_cert_file=",
                            "vars.docker_ucp_image_repository": "docker_ucp_image_repository=docker",
                            "vars.docker_ucp_key_file": "#docker_ucp_key_file=",
                            "vars.docker_ucp_license_path": "#docker_ucp_license_path=",
                            "vars.docker_ucp_version": "#docker_ucp_version=",
                            "vars.extra_vars": "aws_region=us-west-2\naws_dtr_storage_bucket=mgag-dtrstorage-20181011200216503400000001\n\ncloudstor_plugin_options=\"CLOUD_PLATFORM=AWS EFS_ID_REGULAR= EFS_ID_MAXIO= EFS_SUPPORTED=0 AWS_STACK_ID=cpjpJ55S4Zw6lzO4 AWS_REGION=us-west-2\"\n\ndocker_storage_volume=\"/dev/xvdb\"\n\nenable_kubernetes_cloud_provider=False\nenable_kubernetes_aws_ebs=False\nenable_kubernetes_aws_efs=False\nenable_kubernetes_aws_load_balancer=False\nkubernetes_aws_efs_gp=\"\"\nkubernetes_aws_efs_maxio=\"\"\n\n",
                            "vars.infra_stack": "aws",
                            "vars.linux_build": "",
                            "vars.linux_databases": "",
                            "vars.linux_dtr_lbs": "",
                            "vars.linux_dtr_primary": "i-0a8d5c7224a6f4716 ansible_user=docker ansible_host=54.214.205.186",
                            "vars.linux_dtr_replicas": "",
                            "vars.linux_manager_primary": "i-0dc78492b42702fa5 ansible_user=docker ansible_host=54.202.38.187",
                            "vars.linux_manager_replicas": "",
                            "vars.linux_ucp_lbs": "",
                            "vars.linux_workers": "i-04f15b776742630a8 ansible_user=docker ansible_host=34.221.156.173",
                            "vars.load_balancers": "docker_ucp_lb=mgag-ucp-f7295da70e433929.elb.us-west-2.amazonaws.com\ndocker_dtr_lb=mgag-dtr-4f6012d2049be9eb.elb.us-west-2.amazonaws.com",
                            "vars.private_key_file": "/root/.mast/id_rsa",
                            "vars.use_dev_version": "#use_dev_version=",
                            "vars.windows_build": "",
                            "vars.windows_databases": "",
                            "vars.windows_workers": ""
                        },
                        "meta": {},
                        "tainted": false
                    },
                    "deposed": [],
                    "provider": "module.inventory.provider.template"
                },
                "local_file.ansible_inventory": {
                    "type": "local_file",
                    "depends_on": [
                        "data.template_file.inventory"
                    ],
                    "primary": {
                        "id": "f6760c248e53c4e188f5931a27b532d6bbaa2fcb",
                        "attributes": {
                            "content": "# This hostfile has been generated by terraform.\n\n[linux-ucp-manager-primary]\ni-0dc78492b42702fa5 ansible_user=docker ansible_host=54.202.38.187\n\n[linux-ucp-manager-replicas]\n\n\n[linux-dtr-worker-primary]\ni-0a8d5c7224a6f4716 ansible_user=docker ansible_host=54.214.205.186\n\n[linux-dtr-worker-replicas]\n\n\n[linux-workers]\ni-04f15b776742630a8 ansible_user=docker ansible_host=34.221.156.173\n\n[windows-workers]\n\n\n[linux-databases]\n\n\n[linux-build-servers]\n\n\n[windows-databases]\n\n\n[windows-build-servers]\n\n\n[all:vars]\ninfra_stack=aws\ndocker_ucp_lb=mgag-ucp-f7295da70e433929.elb.us-west-2.amazonaws.com\ndocker_dtr_lb=mgag-dtr-4f6012d2049be9eb.elb.us-west-2.amazonaws.com\naws_region=us-west-2\naws_dtr_storage_bucket=mgag-dtrstorage-20181011200216503400000001\n\ncloudstor_plugin_options=\"CLOUD_PLATFORM=AWS EFS_ID_REGULAR= EFS_ID_MAXIO= EFS_SUPPORTED=0 AWS_STACK_ID=cpjpJ55S4Zw6lzO4 AWS_REGION=us-west-2\"\n\ndocker_storage_volume=\"/dev/xvdb\"\n\nenable_kubernetes_cloud_provider=False\nenable_kubernetes_aws_ebs=False\nenable_kubernetes_aws_efs=False\nenable_kubernetes_aws_load_balancer=False\nkubernetes_aws_efs_gp=\"\"\nkubernetes_aws_efs_maxio=\"\"\n\n\ncloudstor_plugin_version=1.0\n#docker_dtr_ca_file=\n#docker_dtr_cert_file=\ndocker_dtr_image_repository=docker\n#docker_dtr_key_file=\n#docker_dtr_replica_id=\ndocker_dtr_version=latest\n#docker_ee_package_version=\n#docker_ee_package_version_win=\ndocker_ee_release_channel=stable\ndocker_ee_repo=https://storebits.docker.com/ee\n#docker_ee_repository_url=\n#docker_ee_package_url_win=\n#docker_ee_subscriptions_centos=\n#docker_ee_subscriptions_oracle=\n#docker_ee_subscriptions_redhat=\n#docker_ee_subscriptions_sles=\n#docker_ee_subscriptions_ubuntu=\n#docker_ee_version=\n#docker_hub_id=\n#docker_hub_password=\n#docker_storage_driver=\n#docker_storage_fstype=\n#docker_storage_volume=\n#docker_swarm_listen_address=\ndocker_ucp_admin_password=0dTWxRize3ZV\ndocker_ucp_admin_username=admin\n#docker_ucp_ca_file=\n#docker_ucp_cert_file=\n#docker_ucp_key_file=\ndocker_ucp_image_repository=docker\n#docker_ucp_license_path=\n#docker_ucp_version=\n#dev_registry_username=\n#dev_registry_password=\n#use_dev_version=\n\n[linux]\n\n[linux:vars]\nansible_ssh_private_key_file=/root/.mast/id_rsa\n\n[ucp-load-balancer]\n\n\n[dtr-load-balancer]\n\n",
                            "filename": "/root/.mast/mgag/inventory/1.hosts",
                            "id": "f6760c248e53c4e188f5931a27b532d6bbaa2fcb"
                        },
                        "meta": {},
                        "tainted": false
                    },
                    "deposed": [],
                    "provider": "module.inventory.provider.local"
                }
            },
            "depends_on": []
        }
    ]
}
